// !$*UTF8*$!
{
	archiveVersion = 1;
	classes = {
	};
	objectVersion = 46;
	objects = {

/* Begin PBXBuildFile section */
		1081F2DE1BB02A7600688F3B /* AppDelegate.swift in Sources */ = {isa = PBXBuildFile; fileRef = 1081F2DD1BB02A7600688F3B /* AppDelegate.swift */; };
		1081F2E31BB02A7600688F3B /* Main.storyboard in Resources */ = {isa = PBXBuildFile; fileRef = 1081F2E11BB02A7600688F3B /* Main.storyboard */; };
		1081F2E81BB02A7600688F3B /* LaunchScreen.storyboard in Resources */ = {isa = PBXBuildFile; fileRef = 1081F2E61BB02A7600688F3B /* LaunchScreen.storyboard */; };
		1081F2F31BB02A7700688F3B /* Local24Tests.swift in Sources */ = {isa = PBXBuildFile; fileRef = 1081F2F21BB02A7700688F3B /* Local24Tests.swift */; };
		1081F2FE1BB02A7700688F3B /* Local24UITests.swift in Sources */ = {isa = PBXBuildFile; fileRef = 1081F2FD1BB02A7700688F3B /* Local24UITests.swift */; };
		1081F3101BB04E6200688F3B /* iosApp.css in Resources */ = {isa = PBXBuildFile; fileRef = 1081F30F1BB04E6200688F3B /* iosApp.css */; };
		622AED0118902B345F72C845 /* Pods_Local24UITests.framework in Frameworks */ = {isa = PBXBuildFile; fileRef = EFF4E34FAF766CF6AAB81F90 /* Pods_Local24UITests.framework */; };
		946AE2445CFC457A49DFDAEF /* Pods_Local24.framework in Frameworks */ = {isa = PBXBuildFile; fileRef = DAE5DB9518CCC4A7488A2757 /* Pods_Local24.framework */; };
		A3AF0A635067C4E9A1AE8920 /* Pods_Local24Tests.framework in Frameworks */ = {isa = PBXBuildFile; fileRef = 43DD49A8287E5B1D5DEA9BC8 /* Pods_Local24Tests.framework */; };
		CD0A28A21C6CF76300B27AFD /* RadiusView.swift in Sources */ = {isa = PBXBuildFile; fileRef = CD0A28A11C6CF76300B27AFD /* RadiusView.swift */; };
		CD0E3F7E1CE09C6C005AA575 /* SearchCollectionViewController.swift in Sources */ = {isa = PBXBuildFile; fileRef = CD0E3F7D1CE09C6C005AA575 /* SearchCollectionViewController.swift */; };
		CD0E3F801CE0A06C005AA575 /* CollectionViewCell.swift in Sources */ = {isa = PBXBuildFile; fileRef = CD0E3F7F1CE0A06C005AA575 /* CollectionViewCell.swift */; };
		CD0E3F821CE0BFA9005AA575 /* Listing.swift in Sources */ = {isa = PBXBuildFile; fileRef = CD0E3F811CE0BFA9005AA575 /* Listing.swift */; };
		CD10748A1E27B7A400225BCA /* Local24.entitlements in Resources */ = {isa = PBXBuildFile; fileRef = 10D00FCD1E1FE3E6006199E8 /* Local24.entitlements */; };
		CD1D88821DF072A100DF2688 /* AddImageCollectionViewCell.swift in Sources */ = {isa = PBXBuildFile; fileRef = CD1D88811DF072A100DF2688 /* AddImageCollectionViewCell.swift */; };
		CD286E461CCE383B004675A9 /* FilterSelectTableViewController.swift in Sources */ = {isa = PBXBuildFile; fileRef = CD286E451CCE383B004675A9 /* FilterSelectTableViewController.swift */; };
		CD286E481CCE455C004675A9 /* FilterMoreSelectTableViewController.swift in Sources */ = {isa = PBXBuildFile; fileRef = CD286E471CCE455C004675A9 /* FilterMoreSelectTableViewController.swift */; };
		CD358E801E0C105C00C63020 /* CustomFieldTableViewController.swift in Sources */ = {isa = PBXBuildFile; fileRef = CD358E7F1E0C105C00C63020 /* CustomFieldTableViewController.swift */; };
		CD3E16051DF07C7700D0C300 /* InsertImageCollectionViewCell.swift in Sources */ = {isa = PBXBuildFile; fileRef = CD3E16041DF07C7700D0C300 /* InsertImageCollectionViewCell.swift */; };
		CD5109821C58A3B200BA2CB8 /* HomeViewController.swift in Sources */ = {isa = PBXBuildFile; fileRef = CD5109811C58A3B200BA2CB8 /* HomeViewController.swift */; };
		CD5109841C58BD4700BA2CB8 /* NewCatTableViewController.swift in Sources */ = {isa = PBXBuildFile; fileRef = CD5109831C58BD4700BA2CB8 /* NewCatTableViewController.swift */; };
		CD5109861C58C0CF00BA2CB8 /* Categories.swift in Sources */ = {isa = PBXBuildFile; fileRef = CD5109851C58C0CF00BA2CB8 /* Categories.swift */; };
		CD56FD511E09664C001164F0 /* ThanksViewController.swift in Sources */ = {isa = PBXBuildFile; fileRef = CD56FD501E09664C001164F0 /* ThanksViewController.swift */; };
		CD56FD531E0966CB001164F0 /* ThanksTableViewController.swift in Sources */ = {isa = PBXBuildFile; fileRef = CD56FD521E0966CB001164F0 /* ThanksTableViewController.swift */; };
		CD5D16E51C8F11B200ACE365 /* ContactTableViewController.swift in Sources */ = {isa = PBXBuildFile; fileRef = CD5D16E41C8F11B200ACE365 /* ContactTableViewController.swift */; };
		CD5D16E91C90377D00ACE365 /* PriceTableViewCell.swift in Sources */ = {isa = PBXBuildFile; fileRef = CD5D16E81C90377D00ACE365 /* PriceTableViewCell.swift */; };
		CD5D16EC1C903AF900ACE365 /* TitleTableViewCell.swift in Sources */ = {isa = PBXBuildFile; fileRef = CD5D16EB1C903AF900ACE365 /* TitleTableViewCell.swift */; };
		CD5D16EE1C903F7F00ACE365 /* DescriptionTableViewCell.swift in Sources */ = {isa = PBXBuildFile; fileRef = CD5D16ED1C903F7F00ACE365 /* DescriptionTableViewCell.swift */; };
		CD5D16F01C9054F200ACE365 /* LocationMapTableViewCell.swift in Sources */ = {isa = PBXBuildFile; fileRef = CD5D16EF1C9054F200ACE365 /* LocationMapTableViewCell.swift */; };
		CD5D16F21C90673600ACE365 /* DetailImageViewController.swift in Sources */ = {isa = PBXBuildFile; fileRef = CD5D16F11C90673600ACE365 /* DetailImageViewController.swift */; };
		CD5D16F41C917A6300ACE365 /* FilterViewController.swift in Sources */ = {isa = PBXBuildFile; fileRef = CD5D16F31C917A6300ACE365 /* FilterViewController.swift */; };
		CD62AF631DE3412700AD06EF /* LoginViewController.swift in Sources */ = {isa = PBXBuildFile; fileRef = CD62AF621DE3412700AD06EF /* LoginViewController.swift */; };
		CD65D24F1C60DC3000AD89DF /* LocationViewController.swift in Sources */ = {isa = PBXBuildFile; fileRef = CD65D24E1C60DC3000AD89DF /* LocationViewController.swift */; };
		CD65D2511C60E5EF00AD89DF /* LocationResultsTableController.swift in Sources */ = {isa = PBXBuildFile; fileRef = CD65D2501C60E5EF00AD89DF /* LocationResultsTableController.swift */; };
		CD65D2551C60FD6400AD89DF /* ZipGeo.swift in Sources */ = {isa = PBXBuildFile; fileRef = CD65D2541C60FD6400AD89DF /* ZipGeo.swift */; };
		CD6A262B1E08047A00CD22EB /* RegisterViewController.swift in Sources */ = {isa = PBXBuildFile; fileRef = CD6A262A1E08047A00CD22EB /* RegisterViewController.swift */; };
		CD7754211C71C0E200253B7B /* CenterLocationButton.swift in Sources */ = {isa = PBXBuildFile; fileRef = CD7754201C71C0E200253B7B /* CenterLocationButton.swift */; };
		CD84C5921C88844400A6E8A4 /* LocalDetailTableViewController.swift in Sources */ = {isa = PBXBuildFile; fileRef = CD84C5911C88844400A6E8A4 /* LocalDetailTableViewController.swift */; };
		CD993E091DF9AFAF00F686C7 /* MyAdsDetailViewController.swift in Sources */ = {isa = PBXBuildFile; fileRef = CD993E081DF9AFAF00F686C7 /* MyAdsDetailViewController.swift */; };
		CD993E0D1DF9BD4300F686C7 /* NetworkController.swift in Sources */ = {isa = PBXBuildFile; fileRef = CD993E0C1DF9BD4300F686C7 /* NetworkController.swift */; };
		CD9CD42B1CE214CE0080CF67 /* StoreKit.framework in Frameworks */ = {isa = PBXBuildFile; fileRef = CD9CD42A1CE214CE0080CF67 /* StoreKit.framework */; };
		CD9CD42D1CE214D70080CF67 /* CoreMotion.framework in Frameworks */ = {isa = PBXBuildFile; fileRef = CD9CD42C1CE214D70080CF67 /* CoreMotion.framework */; };
		CD9CD42F1CE21A930080CF67 /* SearchCollectionViewAdCell.swift in Sources */ = {isa = PBXBuildFile; fileRef = CD9CD42E1CE21A930080CF67 /* SearchCollectionViewAdCell.swift */; };
		CD9CD4311CE229EC0080CF67 /* FacebookAd.swift in Sources */ = {isa = PBXBuildFile; fileRef = CD9CD4301CE229EC0080CF67 /* FacebookAd.swift */; };
		CD9CD4331CE4A1900080CF67 /* SelectedFilterButton.swift in Sources */ = {isa = PBXBuildFile; fileRef = CD9CD4321CE4A1900080CF67 /* SelectedFilterButton.swift */; };
		CDA32CB31E096F3A004969E7 /* Bolts.txt in Resources */ = {isa = PBXBuildFile; fileRef = CDA32CB21E096F3A004969E7 /* Bolts.txt */; };
		CDA418CE1E0D1B3B00CFDD20 /* Assets.xcassets in Resources */ = {isa = PBXBuildFile; fileRef = CDA418CD1E0D1B3B00CFDD20 /* Assets.xcassets */; };
		CDA9CCCC1C070793005ED562 /* PublicSettings.swift in Sources */ = {isa = PBXBuildFile; fileRef = CDA9CCCB1C070793005ED562 /* PublicSettings.swift */; };
		CDA9CCCE1C070D2B005ED562 /* SearchViewController.swift in Sources */ = {isa = PBXBuildFile; fileRef = CDA9CCCD1C070D2B005ED562 /* SearchViewController.swift */; };
		CDA9CCD81C0715B3005ED562 /* MoreTableViewController.swift in Sources */ = {isa = PBXBuildFile; fileRef = CDA9CCD71C0715B3005ED562 /* MoreTableViewController.swift */; };
		CDA9CCDA1C073236005ED562 /* MoreViewController.swift in Sources */ = {isa = PBXBuildFile; fileRef = CDA9CCD91C073236005ED562 /* MoreViewController.swift */; };
		CDB04AD01DD3259100034C1F /* AccountCollectionViewController.swift in Sources */ = {isa = PBXBuildFile; fileRef = CDB04ACF1DD3259100034C1F /* AccountCollectionViewController.swift */; };
		CDB04AD41DD36A3500034C1F /* MyAdsCollectionViewCell.swift in Sources */ = {isa = PBXBuildFile; fileRef = CDB04AD31DD36A3500034C1F /* MyAdsCollectionViewCell.swift */; };
		CDB3AFE21D2BEF2200C2F254 /* CoreGraphics.framework in Frameworks */ = {isa = PBXBuildFile; fileRef = CDB3AFE11D2BEF2200C2F254 /* CoreGraphics.framework */; };
		CDB3AFEA1D2BF00A00C2F254 /* NMRangeSlider.m in Sources */ = {isa = PBXBuildFile; fileRef = CDB3AFE91D2BF00A00C2F254 /* NMRangeSlider.m */; };
		CDB3AFF51D2BF0B800C2F254 /* slider-default7-trackBackground.png in Resources */ = {isa = PBXBuildFile; fileRef = CDB3AFED1D2BF0B800C2F254 /* slider-default7-trackBackground.png */; };
		CDB3AFF61D2BF0B800C2F254 /* slider-default7-trackBackground@2x.png in Resources */ = {isa = PBXBuildFile; fileRef = CDB3AFEE1D2BF0B800C2F254 /* slider-default7-trackBackground@2x.png */; };
		CDB3AFF71D2BF0B800C2F254 /* slider-default7-trackCrossedOver.png in Resources */ = {isa = PBXBuildFile; fileRef = CDB3AFEF1D2BF0B800C2F254 /* slider-default7-trackCrossedOver.png */; };
		CDB3AFF81D2BF0B800C2F254 /* slider-default7-trackCrossedOver@2x.png in Resources */ = {isa = PBXBuildFile; fileRef = CDB3AFF01D2BF0B800C2F254 /* slider-default7-trackCrossedOver@2x.png */; };
		CDB3AFF91D2BF0B800C2F254 /* slider-default7-track.png in Resources */ = {isa = PBXBuildFile; fileRef = CDB3AFF11D2BF0B800C2F254 /* slider-default7-track.png */; };
		CDB3AFFA1D2BF0B800C2F254 /* slider-default7-track@2x.png in Resources */ = {isa = PBXBuildFile; fileRef = CDB3AFF21D2BF0B800C2F254 /* slider-default7-track@2x.png */; };
		CDB3AFFB1D2BF0B800C2F254 /* slider-default7-handle.png in Resources */ = {isa = PBXBuildFile; fileRef = CDB3AFF31D2BF0B800C2F254 /* slider-default7-handle.png */; };
		CDB3AFFC1D2BF0B800C2F254 /* slider-default7-handle@2x.png in Resources */ = {isa = PBXBuildFile; fileRef = CDB3AFF41D2BF0B800C2F254 /* slider-default7-handle@2x.png */; };
		CDB594DE1DE595130056B405 /* InsertTableViewController.swift in Sources */ = {isa = PBXBuildFile; fileRef = CDB594DD1DE595130056B405 /* InsertTableViewController.swift */; };
		CDB594E11DE596850056B405 /* SelectCategoryTableViewController.swift in Sources */ = {isa = PBXBuildFile; fileRef = CDB594E01DE596850056B405 /* SelectCategoryTableViewController.swift */; };
		CDB594E31DE5A3080056B405 /* SelectSubCategoryTableViewController.swift in Sources */ = {isa = PBXBuildFile; fileRef = CDB594E21DE5A3080056B405 /* SelectSubCategoryTableViewController.swift */; };
		CDB594E51DE5E6230056B405 /* TabBarController.swift in Sources */ = {isa = PBXBuildFile; fileRef = CDB594E41DE5E6230056B405 /* TabBarController.swift */; };
		CDCA848D1DE30CA800F71A42 /* AccountHeaderView.swift in Sources */ = {isa = PBXBuildFile; fileRef = CDCA848C1DE30CA800F71A42 /* AccountHeaderView.swift */; };
		CDCA848F1DE324AA00F71A42 /* User.swift in Sources */ = {isa = PBXBuildFile; fileRef = CDCA848E1DE324AA00F71A42 /* User.swift */; };
		CDCF317F1E09710D00379468 /* Alamofire.txt in Resources */ = {isa = PBXBuildFile; fileRef = CDCF317E1E09710D00379468 /* Alamofire.txt */; };
		CDCF31841E0972AC00379468 /* MapleBacon.txt in Resources */ = {isa = PBXBuildFile; fileRef = CDCF31831E0972AC00379468 /* MapleBacon.txt */; };
		CDCF31861E0972C500379468 /* MZFormSheetPresentationController.txt in Resources */ = {isa = PBXBuildFile; fileRef = CDCF31851E0972C500379468 /* MZFormSheetPresentationController.txt */; };
		CDCF31881E09735600379468 /* Facebook-iOS-SDK.txt in Resources */ = {isa = PBXBuildFile; fileRef = CDCF31871E09735600379468 /* Facebook-iOS-SDK.txt */; };
		CDD729011E12BA5A009F0B99 /* InsertImageCollection.swift in Sources */ = {isa = PBXBuildFile; fileRef = CDD729001E12BA5A009F0B99 /* InsertImageCollection.swift */; };
		CDD729031E12FE68009F0B99 /* InsertTableViewDataSource.swift in Sources */ = {isa = PBXBuildFile; fileRef = CDD729021E12FE68009F0B99 /* InsertTableViewDataSource.swift */; };
		CDD729051E130051009F0B99 /* InsertTextFieldPicker.swift in Sources */ = {isa = PBXBuildFile; fileRef = CDD729041E130051009F0B99 /* InsertTextFieldPicker.swift */; };
		CDD729071E13037C009F0B99 /* InsertCustomFieldCell.swift in Sources */ = {isa = PBXBuildFile; fileRef = CDD729061E13037C009F0B99 /* InsertCustomFieldCell.swift */; };
		CDD7290C1E13CD06009F0B99 /* CustomField2TableViewController.swift in Sources */ = {isa = PBXBuildFile; fileRef = CDD7290B1E13CD06009F0B99 /* CustomField2TableViewController.swift */; };
		CDDEF3E61E01393300CF737E /* ChooseLocationTableViewCell.swift in Sources */ = {isa = PBXBuildFile; fileRef = CDDEF3E51E01393300CF737E /* ChooseLocationTableViewCell.swift */; };
		CDE31CA01C74B93F001D9FD2 /* DetailViewController.swift in Sources */ = {isa = PBXBuildFile; fileRef = CDE31C9F1C74B93F001D9FD2 /* DetailViewController.swift */; };
		CDE4D9F91C0DEA3400FE7611 /* OpenSans-Bold.ttf in Resources */ = {isa = PBXBuildFile; fileRef = CDE4D9EF1C0DEA3400FE7611 /* OpenSans-Bold.ttf */; };
		CDE4D9FA1C0DEA3400FE7611 /* OpenSans-BoldItalic.ttf in Resources */ = {isa = PBXBuildFile; fileRef = CDE4D9F01C0DEA3400FE7611 /* OpenSans-BoldItalic.ttf */; };
		CDE4D9FB1C0DEA3400FE7611 /* OpenSans-ExtraBold.ttf in Resources */ = {isa = PBXBuildFile; fileRef = CDE4D9F11C0DEA3400FE7611 /* OpenSans-ExtraBold.ttf */; };
		CDE4D9FC1C0DEA3400FE7611 /* OpenSans-ExtraBoldItalic.ttf in Resources */ = {isa = PBXBuildFile; fileRef = CDE4D9F21C0DEA3400FE7611 /* OpenSans-ExtraBoldItalic.ttf */; };
		CDE4D9FD1C0DEA3400FE7611 /* OpenSans-Italic.ttf in Resources */ = {isa = PBXBuildFile; fileRef = CDE4D9F31C0DEA3400FE7611 /* OpenSans-Italic.ttf */; };
		CDE4D9FE1C0DEA3400FE7611 /* OpenSans-Light.ttf in Resources */ = {isa = PBXBuildFile; fileRef = CDE4D9F41C0DEA3400FE7611 /* OpenSans-Light.ttf */; };
		CDE4D9FF1C0DEA3400FE7611 /* OpenSans-LightItalic.ttf in Resources */ = {isa = PBXBuildFile; fileRef = CDE4D9F51C0DEA3400FE7611 /* OpenSans-LightItalic.ttf */; };
		CDE4DA001C0DEA3400FE7611 /* OpenSans-Regular.ttf in Resources */ = {isa = PBXBuildFile; fileRef = CDE4D9F61C0DEA3400FE7611 /* OpenSans-Regular.ttf */; };
		CDE4DA011C0DEA3400FE7611 /* OpenSans-Semibold.ttf in Resources */ = {isa = PBXBuildFile; fileRef = CDE4D9F71C0DEA3400FE7611 /* OpenSans-Semibold.ttf */; };
		CDE4DA021C0DEA3400FE7611 /* OpenSans-SemiboldItalic.ttf in Resources */ = {isa = PBXBuildFile; fileRef = CDE4D9F81C0DEA3400FE7611 /* OpenSans-SemiboldItalic.ttf */; };
		CDEE24AB1CC78B8100F08D4E /* AbuseReportViewController.swift in Sources */ = {isa = PBXBuildFile; fileRef = CDEE24AA1CC78B8100F08D4E /* AbuseReportViewController.swift */; };
		CDF6184D1CD8F3CA00041885 /* AdSupport.framework in Frameworks */ = {isa = PBXBuildFile; fileRef = CDF6184C1CD8F3CA00041885 /* AdSupport.framework */; };
		CDFC107A1E2CF7010006DA8F /* specialFields.json in Resources */ = {isa = PBXBuildFile; fileRef = CDFC10791E2CF7010006DA8F /* specialFields.json */; };
		CDFC107C1E2D29100006DA8F /* GoogleService-Info.plist in Resources */ = {isa = PBXBuildFile; fileRef = CDFC107B1E2D29100006DA8F /* GoogleService-Info.plist */; };
		CDFD0BAB1CF5AE0E00B56BF6 /* Filter.swift in Sources */ = {isa = PBXBuildFile; fileRef = CDFD0BAA1CF5AE0E00B56BF6 /* Filter.swift */; };
		CDFD59EF1DFEF4920098010B /* ChooseLocationViewController.swift in Sources */ = {isa = PBXBuildFile; fileRef = CDFD59EE1DFEF4920098010B /* ChooseLocationViewController.swift */; };
/* End PBXBuildFile section */

/* Begin PBXContainerItemProxy section */
		1081F2EF1BB02A7700688F3B /* PBXContainerItemProxy */ = {
			isa = PBXContainerItemProxy;
			containerPortal = 1081F2D21BB02A7600688F3B /* Project object */;
			proxyType = 1;
			remoteGlobalIDString = 1081F2D91BB02A7600688F3B;
			remoteInfo = Local24;
		};
		1081F2FA1BB02A7700688F3B /* PBXContainerItemProxy */ = {
			isa = PBXContainerItemProxy;
			containerPortal = 1081F2D21BB02A7600688F3B /* Project object */;
			proxyType = 1;
			remoteGlobalIDString = 1081F2D91BB02A7600688F3B;
			remoteInfo = Local24;
		};
/* End PBXContainerItemProxy section */

/* Begin PBXFileReference section */
		05704309B0C663E0ECE2D2B2 /* Pods-Local24.release.xcconfig */ = {isa = PBXFileReference; includeInIndex = 1; lastKnownFileType = text.xcconfig; name = "Pods-Local24.release.xcconfig"; path = "Pods/Target Support Files/Pods-Local24/Pods-Local24.release.xcconfig"; sourceTree = "<group>"; };
		1081F2DA1BB02A7600688F3B /* Local24.app */ = {isa = PBXFileReference; explicitFileType = wrapper.application; includeInIndex = 0; path = Local24.app; sourceTree = BUILT_PRODUCTS_DIR; };
		1081F2DD1BB02A7600688F3B /* AppDelegate.swift */ = {isa = PBXFileReference; lastKnownFileType = sourcecode.swift; path = AppDelegate.swift; sourceTree = "<group>"; };
		1081F2E21BB02A7600688F3B /* Base */ = {isa = PBXFileReference; lastKnownFileType = file.storyboard; name = Base; path = Base.lproj/Main.storyboard; sourceTree = "<group>"; };
		1081F2E71BB02A7600688F3B /* Base */ = {isa = PBXFileReference; lastKnownFileType = file.storyboard; name = Base; path = Base.lproj/LaunchScreen.storyboard; sourceTree = "<group>"; };
		1081F2E91BB02A7600688F3B /* Info.plist */ = {isa = PBXFileReference; lastKnownFileType = text.plist.xml; name = Info.plist; path = SupportingFiles/Info.plist; sourceTree = "<group>"; };
		1081F2EE1BB02A7700688F3B /* Local24Tests.xctest */ = {isa = PBXFileReference; explicitFileType = wrapper.cfbundle; includeInIndex = 0; path = Local24Tests.xctest; sourceTree = BUILT_PRODUCTS_DIR; };
		1081F2F21BB02A7700688F3B /* Local24Tests.swift */ = {isa = PBXFileReference; lastKnownFileType = sourcecode.swift; path = Local24Tests.swift; sourceTree = "<group>"; };
		1081F2F41BB02A7700688F3B /* Info.plist */ = {isa = PBXFileReference; lastKnownFileType = text.plist.xml; path = Info.plist; sourceTree = "<group>"; };
		1081F2F91BB02A7700688F3B /* Local24UITests.xctest */ = {isa = PBXFileReference; explicitFileType = wrapper.cfbundle; includeInIndex = 0; path = Local24UITests.xctest; sourceTree = BUILT_PRODUCTS_DIR; };
		1081F2FD1BB02A7700688F3B /* Local24UITests.swift */ = {isa = PBXFileReference; lastKnownFileType = sourcecode.swift; path = Local24UITests.swift; sourceTree = "<group>"; };
		1081F2FF1BB02A7700688F3B /* Info.plist */ = {isa = PBXFileReference; lastKnownFileType = text.plist.xml; path = Info.plist; sourceTree = "<group>"; };
		1081F30F1BB04E6200688F3B /* iosApp.css */ = {isa = PBXFileReference; fileEncoding = 4; lastKnownFileType = text.css; name = iosApp.css; path = SupportingFiles/iosApp.css; sourceTree = "<group>"; };
		10D00FCD1E1FE3E6006199E8 /* Local24.entitlements */ = {isa = PBXFileReference; lastKnownFileType = text.plist.entitlements; name = Local24.entitlements; path = SupportingFiles/Local24.entitlements; sourceTree = "<group>"; };
		3F30DDA7EF437ED36AD0AEDE /* Pods-Local24UITests.release.xcconfig */ = {isa = PBXFileReference; includeInIndex = 1; lastKnownFileType = text.xcconfig; name = "Pods-Local24UITests.release.xcconfig"; path = "Pods/Target Support Files/Pods-Local24UITests/Pods-Local24UITests.release.xcconfig"; sourceTree = "<group>"; };
		43DD49A8287E5B1D5DEA9BC8 /* Pods_Local24Tests.framework */ = {isa = PBXFileReference; explicitFileType = wrapper.framework; includeInIndex = 0; path = Pods_Local24Tests.framework; sourceTree = BUILT_PRODUCTS_DIR; };
		4CDEA113629D68866C9D275C /* Pods-Local24.debug.xcconfig */ = {isa = PBXFileReference; includeInIndex = 1; lastKnownFileType = text.xcconfig; name = "Pods-Local24.debug.xcconfig"; path = "Pods/Target Support Files/Pods-Local24/Pods-Local24.debug.xcconfig"; sourceTree = "<group>"; };
		68F4136B01EBF525F5520DF1 /* Pods-Local24UITests.debug.xcconfig */ = {isa = PBXFileReference; includeInIndex = 1; lastKnownFileType = text.xcconfig; name = "Pods-Local24UITests.debug.xcconfig"; path = "Pods/Target Support Files/Pods-Local24UITests/Pods-Local24UITests.debug.xcconfig"; sourceTree = "<group>"; };
		6EA1B7368DC3BE4B3C6EA32E /* Pods-Local24Tests.debug.xcconfig */ = {isa = PBXFileReference; includeInIndex = 1; lastKnownFileType = text.xcconfig; name = "Pods-Local24Tests.debug.xcconfig"; path = "Pods/Target Support Files/Pods-Local24Tests/Pods-Local24Tests.debug.xcconfig"; sourceTree = "<group>"; };
		BF19EF7F4AEA34E8E7663AF8 /* Pods-Local24Tests.release.xcconfig */ = {isa = PBXFileReference; includeInIndex = 1; lastKnownFileType = text.xcconfig; name = "Pods-Local24Tests.release.xcconfig"; path = "Pods/Target Support Files/Pods-Local24Tests/Pods-Local24Tests.release.xcconfig"; sourceTree = "<group>"; };
		CD0A28A11C6CF76300B27AFD /* RadiusView.swift */ = {isa = PBXFileReference; fileEncoding = 4; lastKnownFileType = sourcecode.swift; name = RadiusView.swift; path = Location/RadiusView.swift; sourceTree = "<group>"; };
		CD0E3F7D1CE09C6C005AA575 /* SearchCollectionViewController.swift */ = {isa = PBXFileReference; fileEncoding = 4; lastKnownFileType = sourcecode.swift; name = SearchCollectionViewController.swift; path = Search/SearchCollectionViewController.swift; sourceTree = "<group>"; };
		CD0E3F7F1CE0A06C005AA575 /* CollectionViewCell.swift */ = {isa = PBXFileReference; fileEncoding = 4; lastKnownFileType = sourcecode.swift; name = CollectionViewCell.swift; path = Search/CollectionViewCell.swift; sourceTree = "<group>"; };
		CD0E3F811CE0BFA9005AA575 /* Listing.swift */ = {isa = PBXFileReference; fileEncoding = 4; lastKnownFileType = sourcecode.swift; name = Listing.swift; path = Objects/Listing.swift; sourceTree = "<group>"; };
		CD1D88811DF072A100DF2688 /* AddImageCollectionViewCell.swift */ = {isa = PBXFileReference; fileEncoding = 4; lastKnownFileType = sourcecode.swift; name = AddImageCollectionViewCell.swift; path = Insert/AddImageCollectionViewCell.swift; sourceTree = "<group>"; };
		CD286E451CCE383B004675A9 /* FilterSelectTableViewController.swift */ = {isa = PBXFileReference; fileEncoding = 4; lastKnownFileType = sourcecode.swift; name = FilterSelectTableViewController.swift; path = Search/FilterSelectTableViewController.swift; sourceTree = "<group>"; };
		CD286E471CCE455C004675A9 /* FilterMoreSelectTableViewController.swift */ = {isa = PBXFileReference; fileEncoding = 4; lastKnownFileType = sourcecode.swift; name = FilterMoreSelectTableViewController.swift; path = Search/FilterMoreSelectTableViewController.swift; sourceTree = "<group>"; };
		CD358E7F1E0C105C00C63020 /* CustomFieldTableViewController.swift */ = {isa = PBXFileReference; fileEncoding = 4; lastKnownFileType = sourcecode.swift; name = CustomFieldTableViewController.swift; path = Insert/CustomFieldTableViewController.swift; sourceTree = "<group>"; };
		CD3E16041DF07C7700D0C300 /* InsertImageCollectionViewCell.swift */ = {isa = PBXFileReference; fileEncoding = 4; lastKnownFileType = sourcecode.swift; name = InsertImageCollectionViewCell.swift; path = Insert/InsertImageCollectionViewCell.swift; sourceTree = "<group>"; };
		CD4432C71CD0D19500295EC0 /* Local24-Bridging-Header.h */ = {isa = PBXFileReference; lastKnownFileType = sourcecode.c.h; name = "Local24-Bridging-Header.h"; path = "SupportingFiles/Local24-Bridging-Header.h"; sourceTree = "<group>"; };
		CD5109811C58A3B200BA2CB8 /* HomeViewController.swift */ = {isa = PBXFileReference; fileEncoding = 4; lastKnownFileType = sourcecode.swift; name = HomeViewController.swift; path = Home/HomeViewController.swift; sourceTree = "<group>"; };
		CD5109831C58BD4700BA2CB8 /* NewCatTableViewController.swift */ = {isa = PBXFileReference; fileEncoding = 4; lastKnownFileType = sourcecode.swift; name = NewCatTableViewController.swift; path = Home/NewCatTableViewController.swift; sourceTree = "<group>"; };
		CD5109851C58C0CF00BA2CB8 /* Categories.swift */ = {isa = PBXFileReference; fileEncoding = 4; lastKnownFileType = sourcecode.swift; name = Categories.swift; path = Objects/Categories.swift; sourceTree = "<group>"; };
		CD56FD501E09664C001164F0 /* ThanksViewController.swift */ = {isa = PBXFileReference; fileEncoding = 4; lastKnownFileType = sourcecode.swift; name = ThanksViewController.swift; path = More/ThanksViewController.swift; sourceTree = "<group>"; };
		CD56FD521E0966CB001164F0 /* ThanksTableViewController.swift */ = {isa = PBXFileReference; fileEncoding = 4; lastKnownFileType = sourcecode.swift; name = ThanksTableViewController.swift; path = More/ThanksTableViewController.swift; sourceTree = "<group>"; };
		CD5D16E41C8F11B200ACE365 /* ContactTableViewController.swift */ = {isa = PBXFileReference; fileEncoding = 4; lastKnownFileType = sourcecode.swift; name = ContactTableViewController.swift; path = Detail/ContactTableViewController.swift; sourceTree = "<group>"; };
		CD5D16E81C90377D00ACE365 /* PriceTableViewCell.swift */ = {isa = PBXFileReference; fileEncoding = 4; lastKnownFileType = sourcecode.swift; name = PriceTableViewCell.swift; path = Detail/PriceTableViewCell.swift; sourceTree = "<group>"; };
		CD5D16EB1C903AF900ACE365 /* TitleTableViewCell.swift */ = {isa = PBXFileReference; fileEncoding = 4; lastKnownFileType = sourcecode.swift; name = TitleTableViewCell.swift; path = Detail/TitleTableViewCell.swift; sourceTree = "<group>"; };
		CD5D16ED1C903F7F00ACE365 /* DescriptionTableViewCell.swift */ = {isa = PBXFileReference; fileEncoding = 4; lastKnownFileType = sourcecode.swift; name = DescriptionTableViewCell.swift; path = Detail/DescriptionTableViewCell.swift; sourceTree = "<group>"; };
		CD5D16EF1C9054F200ACE365 /* LocationMapTableViewCell.swift */ = {isa = PBXFileReference; fileEncoding = 4; lastKnownFileType = sourcecode.swift; name = LocationMapTableViewCell.swift; path = Detail/LocationMapTableViewCell.swift; sourceTree = "<group>"; };
		CD5D16F11C90673600ACE365 /* DetailImageViewController.swift */ = {isa = PBXFileReference; fileEncoding = 4; lastKnownFileType = sourcecode.swift; name = DetailImageViewController.swift; path = Detail/DetailImageViewController.swift; sourceTree = "<group>"; };
		CD5D16F31C917A6300ACE365 /* FilterViewController.swift */ = {isa = PBXFileReference; fileEncoding = 4; lastKnownFileType = sourcecode.swift; name = FilterViewController.swift; path = Search/FilterViewController.swift; sourceTree = "<group>"; };
		CD62AF621DE3412700AD06EF /* LoginViewController.swift */ = {isa = PBXFileReference; fileEncoding = 4; lastKnownFileType = sourcecode.swift; path = LoginViewController.swift; sourceTree = "<group>"; };
		CD65D24E1C60DC3000AD89DF /* LocationViewController.swift */ = {isa = PBXFileReference; fileEncoding = 4; lastKnownFileType = sourcecode.swift; name = LocationViewController.swift; path = Location/LocationViewController.swift; sourceTree = "<group>"; };
		CD65D2501C60E5EF00AD89DF /* LocationResultsTableController.swift */ = {isa = PBXFileReference; fileEncoding = 4; lastKnownFileType = sourcecode.swift; name = LocationResultsTableController.swift; path = Location/LocationResultsTableController.swift; sourceTree = "<group>"; };
		CD65D2541C60FD6400AD89DF /* ZipGeo.swift */ = {isa = PBXFileReference; fileEncoding = 4; lastKnownFileType = sourcecode.swift; name = ZipGeo.swift; path = Objects/ZipGeo.swift; sourceTree = "<group>"; };
		CD6A262A1E08047A00CD22EB /* RegisterViewController.swift */ = {isa = PBXFileReference; fileEncoding = 4; lastKnownFileType = sourcecode.swift; path = RegisterViewController.swift; sourceTree = "<group>"; };
		CD7754201C71C0E200253B7B /* CenterLocationButton.swift */ = {isa = PBXFileReference; fileEncoding = 4; lastKnownFileType = sourcecode.swift; name = CenterLocationButton.swift; path = Location/CenterLocationButton.swift; sourceTree = "<group>"; };
		CD84C5911C88844400A6E8A4 /* LocalDetailTableViewController.swift */ = {isa = PBXFileReference; fileEncoding = 4; lastKnownFileType = sourcecode.swift; name = LocalDetailTableViewController.swift; path = Detail/LocalDetailTableViewController.swift; sourceTree = "<group>"; };
		CD993E081DF9AFAF00F686C7 /* MyAdsDetailViewController.swift */ = {isa = PBXFileReference; fileEncoding = 4; lastKnownFileType = sourcecode.swift; name = MyAdsDetailViewController.swift; path = Account/MyAdsDetailViewController.swift; sourceTree = "<group>"; };
		CD993E0C1DF9BD4300F686C7 /* NetworkController.swift */ = {isa = PBXFileReference; fileEncoding = 4; lastKnownFileType = sourcecode.swift; path = NetworkController.swift; sourceTree = "<group>"; };
		CD9CD42A1CE214CE0080CF67 /* StoreKit.framework */ = {isa = PBXFileReference; lastKnownFileType = wrapper.framework; name = StoreKit.framework; path = System/Library/Frameworks/StoreKit.framework; sourceTree = SDKROOT; };
		CD9CD42C1CE214D70080CF67 /* CoreMotion.framework */ = {isa = PBXFileReference; lastKnownFileType = wrapper.framework; name = CoreMotion.framework; path = System/Library/Frameworks/CoreMotion.framework; sourceTree = SDKROOT; };
		CD9CD42E1CE21A930080CF67 /* SearchCollectionViewAdCell.swift */ = {isa = PBXFileReference; fileEncoding = 4; lastKnownFileType = sourcecode.swift; name = SearchCollectionViewAdCell.swift; path = Search/SearchCollectionViewAdCell.swift; sourceTree = "<group>"; };
		CD9CD4301CE229EC0080CF67 /* FacebookAd.swift */ = {isa = PBXFileReference; fileEncoding = 4; lastKnownFileType = sourcecode.swift; name = FacebookAd.swift; path = Search/FacebookAd.swift; sourceTree = "<group>"; };
		CD9CD4321CE4A1900080CF67 /* SelectedFilterButton.swift */ = {isa = PBXFileReference; fileEncoding = 4; lastKnownFileType = sourcecode.swift; name = SelectedFilterButton.swift; path = Search/SelectedFilterButton.swift; sourceTree = "<group>"; };
		CDA32CB21E096F3A004969E7 /* Bolts.txt */ = {isa = PBXFileReference; fileEncoding = 4; lastKnownFileType = text; name = Bolts.txt; path = SupportingFiles/Licences/Bolts.txt; sourceTree = "<group>"; };
		CDA418CD1E0D1B3B00CFDD20 /* Assets.xcassets */ = {isa = PBXFileReference; lastKnownFileType = folder.assetcatalog; path = Assets.xcassets; sourceTree = "<group>"; };
		CDA9CCCB1C070793005ED562 /* PublicSettings.swift */ = {isa = PBXFileReference; fileEncoding = 4; lastKnownFileType = sourcecode.swift; path = PublicSettings.swift; sourceTree = "<group>"; };
		CDA9CCCD1C070D2B005ED562 /* SearchViewController.swift */ = {isa = PBXFileReference; fileEncoding = 4; lastKnownFileType = sourcecode.swift; name = SearchViewController.swift; path = Search/SearchViewController.swift; sourceTree = "<group>"; };
		CDA9CCD51C071456005ED562 /* de */ = {isa = PBXFileReference; lastKnownFileType = text.plist.strings; name = de; path = de.lproj/Main.strings; sourceTree = "<group>"; };
		CDA9CCD61C071456005ED562 /* de */ = {isa = PBXFileReference; lastKnownFileType = text.plist.strings; name = de; path = de.lproj/LaunchScreen.strings; sourceTree = "<group>"; };
		CDA9CCD71C0715B3005ED562 /* MoreTableViewController.swift */ = {isa = PBXFileReference; fileEncoding = 4; lastKnownFileType = sourcecode.swift; name = MoreTableViewController.swift; path = More/MoreTableViewController.swift; sourceTree = "<group>"; };
		CDA9CCD91C073236005ED562 /* MoreViewController.swift */ = {isa = PBXFileReference; fileEncoding = 4; lastKnownFileType = sourcecode.swift; name = MoreViewController.swift; path = More/MoreViewController.swift; sourceTree = "<group>"; };
		CDB04ACF1DD3259100034C1F /* AccountCollectionViewController.swift */ = {isa = PBXFileReference; fileEncoding = 4; lastKnownFileType = sourcecode.swift; name = AccountCollectionViewController.swift; path = Account/AccountCollectionViewController.swift; sourceTree = "<group>"; };
		CDB04AD31DD36A3500034C1F /* MyAdsCollectionViewCell.swift */ = {isa = PBXFileReference; fileEncoding = 4; lastKnownFileType = sourcecode.swift; name = MyAdsCollectionViewCell.swift; path = Account/MyAdsCollectionViewCell.swift; sourceTree = "<group>"; };
		CDB3AFE11D2BEF2200C2F254 /* CoreGraphics.framework */ = {isa = PBXFileReference; lastKnownFileType = wrapper.framework; name = CoreGraphics.framework; path = System/Library/Frameworks/CoreGraphics.framework; sourceTree = SDKROOT; };
		CDB3AFE81D2BF00A00C2F254 /* NMRangeSlider.h */ = {isa = PBXFileReference; fileEncoding = 4; lastKnownFileType = sourcecode.c.h; name = NMRangeSlider.h; path = NMRangeSlider/NMRangeSlider.h; sourceTree = "<group>"; };
		CDB3AFE91D2BF00A00C2F254 /* NMRangeSlider.m */ = {isa = PBXFileReference; fileEncoding = 4; lastKnownFileType = sourcecode.c.objc; name = NMRangeSlider.m; path = NMRangeSlider/NMRangeSlider.m; sourceTree = "<group>"; };
		CDB3AFED1D2BF0B800C2F254 /* slider-default7-trackBackground.png */ = {isa = PBXFileReference; lastKnownFileType = image.png; name = "slider-default7-trackBackground.png"; path = "NMRangeSlider/slider-default7-trackBackground.png"; sourceTree = "<group>"; };
		CDB3AFEE1D2BF0B800C2F254 /* slider-default7-trackBackground@2x.png */ = {isa = PBXFileReference; lastKnownFileType = image.png; name = "slider-default7-trackBackground@2x.png"; path = "NMRangeSlider/slider-default7-trackBackground@2x.png"; sourceTree = "<group>"; };
		CDB3AFEF1D2BF0B800C2F254 /* slider-default7-trackCrossedOver.png */ = {isa = PBXFileReference; lastKnownFileType = image.png; name = "slider-default7-trackCrossedOver.png"; path = "NMRangeSlider/slider-default7-trackCrossedOver.png"; sourceTree = "<group>"; };
		CDB3AFF01D2BF0B800C2F254 /* slider-default7-trackCrossedOver@2x.png */ = {isa = PBXFileReference; lastKnownFileType = image.png; name = "slider-default7-trackCrossedOver@2x.png"; path = "NMRangeSlider/slider-default7-trackCrossedOver@2x.png"; sourceTree = "<group>"; };
		CDB3AFF11D2BF0B800C2F254 /* slider-default7-track.png */ = {isa = PBXFileReference; lastKnownFileType = image.png; name = "slider-default7-track.png"; path = "NMRangeSlider/slider-default7-track.png"; sourceTree = "<group>"; };
		CDB3AFF21D2BF0B800C2F254 /* slider-default7-track@2x.png */ = {isa = PBXFileReference; lastKnownFileType = image.png; name = "slider-default7-track@2x.png"; path = "NMRangeSlider/slider-default7-track@2x.png"; sourceTree = "<group>"; };
		CDB3AFF31D2BF0B800C2F254 /* slider-default7-handle.png */ = {isa = PBXFileReference; lastKnownFileType = image.png; name = "slider-default7-handle.png"; path = "NMRangeSlider/slider-default7-handle.png"; sourceTree = "<group>"; };
		CDB3AFF41D2BF0B800C2F254 /* slider-default7-handle@2x.png */ = {isa = PBXFileReference; lastKnownFileType = image.png; name = "slider-default7-handle@2x.png"; path = "NMRangeSlider/slider-default7-handle@2x.png"; sourceTree = "<group>"; };
		CDB594DD1DE595130056B405 /* InsertTableViewController.swift */ = {isa = PBXFileReference; fileEncoding = 4; lastKnownFileType = sourcecode.swift; name = InsertTableViewController.swift; path = Insert/InsertTableViewController.swift; sourceTree = "<group>"; };
		CDB594E01DE596850056B405 /* SelectCategoryTableViewController.swift */ = {isa = PBXFileReference; fileEncoding = 4; lastKnownFileType = sourcecode.swift; name = SelectCategoryTableViewController.swift; path = Insert/SelectCategoryTableViewController.swift; sourceTree = "<group>"; };
		CDB594E21DE5A3080056B405 /* SelectSubCategoryTableViewController.swift */ = {isa = PBXFileReference; fileEncoding = 4; lastKnownFileType = sourcecode.swift; name = SelectSubCategoryTableViewController.swift; path = Insert/SelectSubCategoryTableViewController.swift; sourceTree = "<group>"; };
		CDB594E41DE5E6230056B405 /* TabBarController.swift */ = {isa = PBXFileReference; fileEncoding = 4; lastKnownFileType = sourcecode.swift; path = TabBarController.swift; sourceTree = "<group>"; };
		CDCA848C1DE30CA800F71A42 /* AccountHeaderView.swift */ = {isa = PBXFileReference; fileEncoding = 4; lastKnownFileType = sourcecode.swift; name = AccountHeaderView.swift; path = Account/AccountHeaderView.swift; sourceTree = "<group>"; };
		CDCA848E1DE324AA00F71A42 /* User.swift */ = {isa = PBXFileReference; fileEncoding = 4; lastKnownFileType = sourcecode.swift; name = User.swift; path = Objects/User.swift; sourceTree = "<group>"; };
		CDCF317E1E09710D00379468 /* Alamofire.txt */ = {isa = PBXFileReference; fileEncoding = 4; lastKnownFileType = text; name = Alamofire.txt; path = SupportingFiles/Licences/Alamofire.txt; sourceTree = "<group>"; };
		CDCF31831E0972AC00379468 /* MapleBacon.txt */ = {isa = PBXFileReference; fileEncoding = 4; lastKnownFileType = text; name = MapleBacon.txt; path = SupportingFiles/Licences/MapleBacon.txt; sourceTree = "<group>"; };
		CDCF31851E0972C500379468 /* MZFormSheetPresentationController.txt */ = {isa = PBXFileReference; fileEncoding = 4; lastKnownFileType = text; name = MZFormSheetPresentationController.txt; path = SupportingFiles/Licences/MZFormSheetPresentationController.txt; sourceTree = "<group>"; };
		CDCF31871E09735600379468 /* Facebook-iOS-SDK.txt */ = {isa = PBXFileReference; fileEncoding = 4; lastKnownFileType = text; name = "Facebook-iOS-SDK.txt"; path = "SupportingFiles/Licences/Facebook-iOS-SDK.txt"; sourceTree = "<group>"; };
		CDD729001E12BA5A009F0B99 /* InsertImageCollection.swift */ = {isa = PBXFileReference; fileEncoding = 4; lastKnownFileType = sourcecode.swift; name = InsertImageCollection.swift; path = Insert/InsertImageCollection.swift; sourceTree = "<group>"; };
		CDD729021E12FE68009F0B99 /* InsertTableViewDataSource.swift */ = {isa = PBXFileReference; fileEncoding = 4; lastKnownFileType = sourcecode.swift; name = InsertTableViewDataSource.swift; path = Insert/InsertTableViewDataSource.swift; sourceTree = "<group>"; };
		CDD729041E130051009F0B99 /* InsertTextFieldPicker.swift */ = {isa = PBXFileReference; fileEncoding = 4; lastKnownFileType = sourcecode.swift; name = InsertTextFieldPicker.swift; path = Insert/InsertTextFieldPicker.swift; sourceTree = "<group>"; };
		CDD729061E13037C009F0B99 /* InsertCustomFieldCell.swift */ = {isa = PBXFileReference; fileEncoding = 4; lastKnownFileType = sourcecode.swift; name = InsertCustomFieldCell.swift; path = Insert/InsertCustomFieldCell.swift; sourceTree = "<group>"; };
		CDD7290B1E13CD06009F0B99 /* CustomField2TableViewController.swift */ = {isa = PBXFileReference; fileEncoding = 4; lastKnownFileType = sourcecode.swift; name = CustomField2TableViewController.swift; path = Insert/CustomField2TableViewController.swift; sourceTree = "<group>"; };
		CDDEF3E51E01393300CF737E /* ChooseLocationTableViewCell.swift */ = {isa = PBXFileReference; fileEncoding = 4; lastKnownFileType = sourcecode.swift; name = ChooseLocationTableViewCell.swift; path = Insert/ChooseLocationTableViewCell.swift; sourceTree = "<group>"; };
		CDE31C9F1C74B93F001D9FD2 /* DetailViewController.swift */ = {isa = PBXFileReference; fileEncoding = 4; lastKnownFileType = sourcecode.swift; name = DetailViewController.swift; path = Detail/DetailViewController.swift; sourceTree = "<group>"; };
		CDE4D9EF1C0DEA3400FE7611 /* OpenSans-Bold.ttf */ = {isa = PBXFileReference; lastKnownFileType = file; name = "OpenSans-Bold.ttf"; path = "OpenSans/OpenSans-Bold.ttf"; sourceTree = "<group>"; };
		CDE4D9F01C0DEA3400FE7611 /* OpenSans-BoldItalic.ttf */ = {isa = PBXFileReference; lastKnownFileType = file; name = "OpenSans-BoldItalic.ttf"; path = "OpenSans/OpenSans-BoldItalic.ttf"; sourceTree = "<group>"; };
		CDE4D9F11C0DEA3400FE7611 /* OpenSans-ExtraBold.ttf */ = {isa = PBXFileReference; lastKnownFileType = file; name = "OpenSans-ExtraBold.ttf"; path = "OpenSans/OpenSans-ExtraBold.ttf"; sourceTree = "<group>"; };
		CDE4D9F21C0DEA3400FE7611 /* OpenSans-ExtraBoldItalic.ttf */ = {isa = PBXFileReference; lastKnownFileType = file; name = "OpenSans-ExtraBoldItalic.ttf"; path = "OpenSans/OpenSans-ExtraBoldItalic.ttf"; sourceTree = "<group>"; };
		CDE4D9F31C0DEA3400FE7611 /* OpenSans-Italic.ttf */ = {isa = PBXFileReference; lastKnownFileType = file; name = "OpenSans-Italic.ttf"; path = "OpenSans/OpenSans-Italic.ttf"; sourceTree = "<group>"; };
		CDE4D9F41C0DEA3400FE7611 /* OpenSans-Light.ttf */ = {isa = PBXFileReference; lastKnownFileType = file; name = "OpenSans-Light.ttf"; path = "OpenSans/OpenSans-Light.ttf"; sourceTree = "<group>"; };
		CDE4D9F51C0DEA3400FE7611 /* OpenSans-LightItalic.ttf */ = {isa = PBXFileReference; lastKnownFileType = file; name = "OpenSans-LightItalic.ttf"; path = "OpenSans/OpenSans-LightItalic.ttf"; sourceTree = "<group>"; };
		CDE4D9F61C0DEA3400FE7611 /* OpenSans-Regular.ttf */ = {isa = PBXFileReference; lastKnownFileType = file; name = "OpenSans-Regular.ttf"; path = "OpenSans/OpenSans-Regular.ttf"; sourceTree = "<group>"; };
		CDE4D9F71C0DEA3400FE7611 /* OpenSans-Semibold.ttf */ = {isa = PBXFileReference; lastKnownFileType = file; name = "OpenSans-Semibold.ttf"; path = "OpenSans/OpenSans-Semibold.ttf"; sourceTree = "<group>"; };
		CDE4D9F81C0DEA3400FE7611 /* OpenSans-SemiboldItalic.ttf */ = {isa = PBXFileReference; lastKnownFileType = file; name = "OpenSans-SemiboldItalic.ttf"; path = "OpenSans/OpenSans-SemiboldItalic.ttf"; sourceTree = "<group>"; };
		CDEE24AA1CC78B8100F08D4E /* AbuseReportViewController.swift */ = {isa = PBXFileReference; fileEncoding = 4; lastKnownFileType = sourcecode.swift; name = AbuseReportViewController.swift; path = Detail/AbuseReportViewController.swift; sourceTree = "<group>"; };
		CDF6184C1CD8F3CA00041885 /* AdSupport.framework */ = {isa = PBXFileReference; lastKnownFileType = wrapper.framework; name = AdSupport.framework; path = System/Library/Frameworks/AdSupport.framework; sourceTree = SDKROOT; };
		CDFC10791E2CF7010006DA8F /* specialFields.json */ = {isa = PBXFileReference; fileEncoding = 4; lastKnownFileType = text.json; name = specialFields.json; path = SupportingFiles/specialFields.json; sourceTree = "<group>"; };
		CDFC107B1E2D29100006DA8F /* GoogleService-Info.plist */ = {isa = PBXFileReference; fileEncoding = 4; lastKnownFileType = text.plist.xml; name = "GoogleService-Info.plist"; path = "SupportingFiles/GoogleService-Info.plist"; sourceTree = "<group>"; };
		CDFD0BAA1CF5AE0E00B56BF6 /* Filter.swift */ = {isa = PBXFileReference; fileEncoding = 4; lastKnownFileType = sourcecode.swift; name = Filter.swift; path = Search/Filter.swift; sourceTree = "<group>"; };
		CDFD59EE1DFEF4920098010B /* ChooseLocationViewController.swift */ = {isa = PBXFileReference; fileEncoding = 4; lastKnownFileType = sourcecode.swift; name = ChooseLocationViewController.swift; path = Insert/ChooseLocationViewController.swift; sourceTree = "<group>"; };
		DAE5DB9518CCC4A7488A2757 /* Pods_Local24.framework */ = {isa = PBXFileReference; explicitFileType = wrapper.framework; includeInIndex = 0; path = Pods_Local24.framework; sourceTree = BUILT_PRODUCTS_DIR; };
		EFF4E34FAF766CF6AAB81F90 /* Pods_Local24UITests.framework */ = {isa = PBXFileReference; explicitFileType = wrapper.framework; includeInIndex = 0; path = Pods_Local24UITests.framework; sourceTree = BUILT_PRODUCTS_DIR; };
/* End PBXFileReference section */

/* Begin PBXFrameworksBuildPhase section */
		1081F2D71BB02A7600688F3B /* Frameworks */ = {
			isa = PBXFrameworksBuildPhase;
			buildActionMask = 2147483647;
			files = (
				CDB3AFE21D2BEF2200C2F254 /* CoreGraphics.framework in Frameworks */,
				CD9CD42D1CE214D70080CF67 /* CoreMotion.framework in Frameworks */,
				CD9CD42B1CE214CE0080CF67 /* StoreKit.framework in Frameworks */,
				CDF6184D1CD8F3CA00041885 /* AdSupport.framework in Frameworks */,
				946AE2445CFC457A49DFDAEF /* Pods_Local24.framework in Frameworks */,
			);
			runOnlyForDeploymentPostprocessing = 0;
		};
		1081F2EB1BB02A7700688F3B /* Frameworks */ = {
			isa = PBXFrameworksBuildPhase;
			buildActionMask = 2147483647;
			files = (
				A3AF0A635067C4E9A1AE8920 /* Pods_Local24Tests.framework in Frameworks */,
			);
			runOnlyForDeploymentPostprocessing = 0;
		};
		1081F2F61BB02A7700688F3B /* Frameworks */ = {
			isa = PBXFrameworksBuildPhase;
			buildActionMask = 2147483647;
			files = (
				622AED0118902B345F72C845 /* Pods_Local24UITests.framework in Frameworks */,
			);
			runOnlyForDeploymentPostprocessing = 0;
		};
/* End PBXFrameworksBuildPhase section */

/* Begin PBXGroup section */
		1081F2D11BB02A7600688F3B = {
			isa = PBXGroup;
			children = (
				1081F2DC1BB02A7600688F3B /* Local24 */,
				1081F2F11BB02A7700688F3B /* Local24Tests */,
				1081F2FC1BB02A7700688F3B /* Local24UITests */,
				1081F2DB1BB02A7600688F3B /* Products */,
				5A5A3458385B3E4181677230 /* Frameworks */,
				21473E7F08D35BC964995430 /* Pods */,
			);
			sourceTree = "<group>";
		};
		1081F2DB1BB02A7600688F3B /* Products */ = {
			isa = PBXGroup;
			children = (
				1081F2DA1BB02A7600688F3B /* Local24.app */,
				1081F2EE1BB02A7700688F3B /* Local24Tests.xctest */,
				1081F2F91BB02A7700688F3B /* Local24UITests.xctest */,
			);
			name = Products;
			sourceTree = "<group>";
		};
		1081F2DC1BB02A7600688F3B /* Local24 */ = {
			isa = PBXGroup;
			children = (
				1081F2E11BB02A7600688F3B /* Main.storyboard */,
				1081F2DD1BB02A7600688F3B /* AppDelegate.swift */,
				CDB594E41DE5E6230056B405 /* TabBarController.swift */,
				CD993E0C1DF9BD4300F686C7 /* NetworkController.swift */,
				CDA9CCCB1C070793005ED562 /* PublicSettings.swift */,
				CD62AF621DE3412700AD06EF /* LoginViewController.swift */,
				CD6A262A1E08047A00CD22EB /* RegisterViewController.swift */,
				CD860CFA1CAA9E0C003361D4 /* Home */,
				CD860CF81CAA9DD5003361D4 /* Search */,
				CD65D2581C6101CE00AD89DF /* Location */,
				CD5D16EA1C9037EE00ACE365 /* Detail */,
				CD62AF641DE348CF00AD06EF /* Account */,
				CDB594DF1DE5951A0056B405 /* Insert */,
				CD860CF91CAA9DFC003361D4 /* More */,
				CDE4DA031C0DEA3E00FE7611 /* Font */,
				CD37C0DA1E2E8A6B00609788 /* Objects */,
				CD860CF71CAA9D8F003361D4 /* SupportingFiles */,
			);
			path = Local24;
			sourceTree = "<group>";
		};
		1081F2F11BB02A7700688F3B /* Local24Tests */ = {
			isa = PBXGroup;
			children = (
				1081F2F21BB02A7700688F3B /* Local24Tests.swift */,
				1081F2F41BB02A7700688F3B /* Info.plist */,
			);
			path = Local24Tests;
			sourceTree = "<group>";
		};
		1081F2FC1BB02A7700688F3B /* Local24UITests */ = {
			isa = PBXGroup;
			children = (
				1081F2FD1BB02A7700688F3B /* Local24UITests.swift */,
				1081F2FF1BB02A7700688F3B /* Info.plist */,
			);
			path = Local24UITests;
			sourceTree = "<group>";
		};
		21473E7F08D35BC964995430 /* Pods */ = {
			isa = PBXGroup;
			children = (
				4CDEA113629D68866C9D275C /* Pods-Local24.debug.xcconfig */,
				05704309B0C663E0ECE2D2B2 /* Pods-Local24.release.xcconfig */,
				6EA1B7368DC3BE4B3C6EA32E /* Pods-Local24Tests.debug.xcconfig */,
				BF19EF7F4AEA34E8E7663AF8 /* Pods-Local24Tests.release.xcconfig */,
				68F4136B01EBF525F5520DF1 /* Pods-Local24UITests.debug.xcconfig */,
				3F30DDA7EF437ED36AD0AEDE /* Pods-Local24UITests.release.xcconfig */,
			);
			name = Pods;
			sourceTree = "<group>";
		};
		5A5A3458385B3E4181677230 /* Frameworks */ = {
			isa = PBXGroup;
			children = (
				CDB3AFE11D2BEF2200C2F254 /* CoreGraphics.framework */,
				CD9CD42C1CE214D70080CF67 /* CoreMotion.framework */,
				CD9CD42A1CE214CE0080CF67 /* StoreKit.framework */,
				CDF6184C1CD8F3CA00041885 /* AdSupport.framework */,
				DAE5DB9518CCC4A7488A2757 /* Pods_Local24.framework */,
				43DD49A8287E5B1D5DEA9BC8 /* Pods_Local24Tests.framework */,
				EFF4E34FAF766CF6AAB81F90 /* Pods_Local24UITests.framework */,
			);
			name = Frameworks;
			sourceTree = "<group>";
		};
		CD37C0DA1E2E8A6B00609788 /* Objects */ = {
			isa = PBXGroup;
			children = (
				CDCA848E1DE324AA00F71A42 /* User.swift */,
				CD0E3F811CE0BFA9005AA575 /* Listing.swift */,
				CD5109851C58C0CF00BA2CB8 /* Categories.swift */,
				CD65D2541C60FD6400AD89DF /* ZipGeo.swift */,
			);
			name = Objects;
			sourceTree = "<group>";
		};
		CD5D16EA1C9037EE00ACE365 /* Detail */ = {
			isa = PBXGroup;
			children = (
				CD84C5911C88844400A6E8A4 /* LocalDetailTableViewController.swift */,
				CD5D16ED1C903F7F00ACE365 /* DescriptionTableViewCell.swift */,
				CD5D16EB1C903AF900ACE365 /* TitleTableViewCell.swift */,
				CD5D16E81C90377D00ACE365 /* PriceTableViewCell.swift */,
				CD5D16EF1C9054F200ACE365 /* LocationMapTableViewCell.swift */,
				CD5D16E41C8F11B200ACE365 /* ContactTableViewController.swift */,
				CD5D16F11C90673600ACE365 /* DetailImageViewController.swift */,
				CDE31C9F1C74B93F001D9FD2 /* DetailViewController.swift */,
				CDEE24AA1CC78B8100F08D4E /* AbuseReportViewController.swift */,
			);
			name = Detail;
			sourceTree = "<group>";
		};
		CD62AF641DE348CF00AD06EF /* Account */ = {
			isa = PBXGroup;
			children = (
				CDB04ACF1DD3259100034C1F /* AccountCollectionViewController.swift */,
				CD993E081DF9AFAF00F686C7 /* MyAdsDetailViewController.swift */,
				CDB04AD31DD36A3500034C1F /* MyAdsCollectionViewCell.swift */,
				CDCA848C1DE30CA800F71A42 /* AccountHeaderView.swift */,
			);
			name = Account;
			sourceTree = "<group>";
		};
		CD65D2581C6101CE00AD89DF /* Location */ = {
			isa = PBXGroup;
			children = (
				CD65D24E1C60DC3000AD89DF /* LocationViewController.swift */,
				CD65D2501C60E5EF00AD89DF /* LocationResultsTableController.swift */,
				CD0A28A11C6CF76300B27AFD /* RadiusView.swift */,
				CD7754201C71C0E200253B7B /* CenterLocationButton.swift */,
			);
			name = Location;
			sourceTree = "<group>";
		};
		CD860CF71CAA9D8F003361D4 /* SupportingFiles */ = {
			isa = PBXGroup;
			children = (
				CDCF31801E09725900379468 /* Licences */,
				1081F30F1BB04E6200688F3B /* iosApp.css */,
				CDFC10791E2CF7010006DA8F /* specialFields.json */,
				CD4432C71CD0D19500295EC0 /* Local24-Bridging-Header.h */,
				1081F2E91BB02A7600688F3B /* Info.plist */,
				CDFC107B1E2D29100006DA8F /* GoogleService-Info.plist */,
				10D00FCD1E1FE3E6006199E8 /* Local24.entitlements */,
				1081F2E61BB02A7600688F3B /* LaunchScreen.storyboard */,
				CDA418CD1E0D1B3B00CFDD20 /* Assets.xcassets */,
				CDB3AFEB1D2BF08600C2F254 /* NMRangeSlider */,
			);
			name = SupportingFiles;
			sourceTree = "<group>";
		};
		CD860CF81CAA9DD5003361D4 /* Search */ = {
			isa = PBXGroup;
			children = (
				CDA9CCCD1C070D2B005ED562 /* SearchViewController.swift */,
				CD9CD4321CE4A1900080CF67 /* SelectedFilterButton.swift */,
				CD0E3F7D1CE09C6C005AA575 /* SearchCollectionViewController.swift */,
				CD0E3F7F1CE0A06C005AA575 /* CollectionViewCell.swift */,
				CD964C061CFC47D00002A675 /* Ads */,
				CD964C051CFC478F0002A675 /* Filter */,
			);
			name = Search;
			sourceTree = "<group>";
		};
		CD860CF91CAA9DFC003361D4 /* More */ = {
			isa = PBXGroup;
			children = (
				CD56FD521E0966CB001164F0 /* ThanksTableViewController.swift */,
				CD56FD501E09664C001164F0 /* ThanksViewController.swift */,
				CDA9CCD71C0715B3005ED562 /* MoreTableViewController.swift */,
				CDA9CCD91C073236005ED562 /* MoreViewController.swift */,
			);
			name = More;
			sourceTree = "<group>";
		};
		CD860CFA1CAA9E0C003361D4 /* Home */ = {
			isa = PBXGroup;
			children = (
				CD5109811C58A3B200BA2CB8 /* HomeViewController.swift */,
				CD5109831C58BD4700BA2CB8 /* NewCatTableViewController.swift */,
			);
			name = Home;
			sourceTree = "<group>";
		};
		CD964C051CFC478F0002A675 /* Filter */ = {
			isa = PBXGroup;
			children = (
				CD5D16F31C917A6300ACE365 /* FilterViewController.swift */,
				CD286E451CCE383B004675A9 /* FilterSelectTableViewController.swift */,
				CD286E471CCE455C004675A9 /* FilterMoreSelectTableViewController.swift */,
				CDFD0BAA1CF5AE0E00B56BF6 /* Filter.swift */,
			);
			name = Filter;
			sourceTree = "<group>";
		};
		CD964C061CFC47D00002A675 /* Ads */ = {
			isa = PBXGroup;
			children = (
				CD9CD4301CE229EC0080CF67 /* FacebookAd.swift */,
				CD9CD42E1CE21A930080CF67 /* SearchCollectionViewAdCell.swift */,
			);
			name = Ads;
			sourceTree = "<group>";
		};
		CDB3AFEB1D2BF08600C2F254 /* NMRangeSlider */ = {
			isa = PBXGroup;
			children = (
				CDB3AFE81D2BF00A00C2F254 /* NMRangeSlider.h */,
				CDB3AFEC1D2BF0AA00C2F254 /* DefaultTheme7 */,
				CDB3AFE91D2BF00A00C2F254 /* NMRangeSlider.m */,
			);
			name = NMRangeSlider;
			sourceTree = "<group>";
		};
		CDB3AFEC1D2BF0AA00C2F254 /* DefaultTheme7 */ = {
			isa = PBXGroup;
			children = (
				CDB3AFED1D2BF0B800C2F254 /* slider-default7-trackBackground.png */,
				CDB3AFEE1D2BF0B800C2F254 /* slider-default7-trackBackground@2x.png */,
				CDB3AFEF1D2BF0B800C2F254 /* slider-default7-trackCrossedOver.png */,
				CDB3AFF01D2BF0B800C2F254 /* slider-default7-trackCrossedOver@2x.png */,
				CDB3AFF11D2BF0B800C2F254 /* slider-default7-track.png */,
				CDB3AFF21D2BF0B800C2F254 /* slider-default7-track@2x.png */,
				CDB3AFF31D2BF0B800C2F254 /* slider-default7-handle.png */,
				CDB3AFF41D2BF0B800C2F254 /* slider-default7-handle@2x.png */,
			);
			name = DefaultTheme7;
			sourceTree = "<group>";
		};
		CDB594DF1DE5951A0056B405 /* Insert */ = {
			isa = PBXGroup;
			children = (
				CDB594DD1DE595130056B405 /* InsertTableViewController.swift */,
				CDD729021E12FE68009F0B99 /* InsertTableViewDataSource.swift */,
				CDD729041E130051009F0B99 /* InsertTextFieldPicker.swift */,
				CDD729061E13037C009F0B99 /* InsertCustomFieldCell.swift */,
				CDD7290A1E13C730009F0B99 /* LocationPicker */,
				CDD729091E13C6DC009F0B99 /* CategoryPicker */,
				CDD729081E13C6BA009F0B99 /* ImagePicker */,
			);
			name = Insert;
			sourceTree = "<group>";
		};
		CDCF31801E09725900379468 /* Licences */ = {
			isa = PBXGroup;
			children = (
				CDCF31871E09735600379468 /* Facebook-iOS-SDK.txt */,
				CDCF31851E0972C500379468 /* MZFormSheetPresentationController.txt */,
				CDCF31831E0972AC00379468 /* MapleBacon.txt */,
				CDCF317E1E09710D00379468 /* Alamofire.txt */,
				CDA32CB21E096F3A004969E7 /* Bolts.txt */,
			);
			name = Licences;
			sourceTree = "<group>";
		};
		CDD729081E13C6BA009F0B99 /* ImagePicker */ = {
			isa = PBXGroup;
			children = (
				CDD729001E12BA5A009F0B99 /* InsertImageCollection.swift */,
				CD3E16041DF07C7700D0C300 /* InsertImageCollectionViewCell.swift */,
				CD1D88811DF072A100DF2688 /* AddImageCollectionViewCell.swift */,
			);
			name = ImagePicker;
			sourceTree = "<group>";
		};
		CDD729091E13C6DC009F0B99 /* CategoryPicker */ = {
			isa = PBXGroup;
			children = (
				CDB594E01DE596850056B405 /* SelectCategoryTableViewController.swift */,
				CDB594E21DE5A3080056B405 /* SelectSubCategoryTableViewController.swift */,
				CD358E7F1E0C105C00C63020 /* CustomFieldTableViewController.swift */,
				CDD7290B1E13CD06009F0B99 /* CustomField2TableViewController.swift */,
			);
			name = CategoryPicker;
			sourceTree = "<group>";
		};
		CDD7290A1E13C730009F0B99 /* LocationPicker */ = {
			isa = PBXGroup;
			children = (
				CDFD59EE1DFEF4920098010B /* ChooseLocationViewController.swift */,
				CDDEF3E51E01393300CF737E /* ChooseLocationTableViewCell.swift */,
			);
			name = LocationPicker;
			sourceTree = "<group>";
		};
		CDE4DA031C0DEA3E00FE7611 /* Font */ = {
			isa = PBXGroup;
			children = (
				CDE4D9EF1C0DEA3400FE7611 /* OpenSans-Bold.ttf */,
				CDE4D9F01C0DEA3400FE7611 /* OpenSans-BoldItalic.ttf */,
				CDE4D9F11C0DEA3400FE7611 /* OpenSans-ExtraBold.ttf */,
				CDE4D9F21C0DEA3400FE7611 /* OpenSans-ExtraBoldItalic.ttf */,
				CDE4D9F31C0DEA3400FE7611 /* OpenSans-Italic.ttf */,
				CDE4D9F41C0DEA3400FE7611 /* OpenSans-Light.ttf */,
				CDE4D9F51C0DEA3400FE7611 /* OpenSans-LightItalic.ttf */,
				CDE4D9F61C0DEA3400FE7611 /* OpenSans-Regular.ttf */,
				CDE4D9F71C0DEA3400FE7611 /* OpenSans-Semibold.ttf */,
				CDE4D9F81C0DEA3400FE7611 /* OpenSans-SemiboldItalic.ttf */,
			);
			name = Font;
			sourceTree = "<group>";
		};
/* End PBXGroup section */

/* Begin PBXNativeTarget section */
		1081F2D91BB02A7600688F3B /* Local24 */ = {
			isa = PBXNativeTarget;
			buildConfigurationList = 1081F3021BB02A7700688F3B /* Build configuration list for PBXNativeTarget "Local24" */;
			buildPhases = (
				41AC355983C98F562DEA9831 /* [CP] Check Pods Manifest.lock */,
				1081F2D61BB02A7600688F3B /* Sources */,
				1081F2D71BB02A7600688F3B /* Frameworks */,
				1081F2D81BB02A7600688F3B /* Resources */,
				B4D99F28CDE065FA4C9D9506 /* [CP] Embed Pods Frameworks */,
				1B733B4FBBCA4E66BA657638 /* [CP] Copy Pods Resources */,
			);
			buildRules = (
			);
			dependencies = (
			);
			name = Local24;
			productName = Local24;
			productReference = 1081F2DA1BB02A7600688F3B /* Local24.app */;
			productType = "com.apple.product-type.application";
		};
		1081F2ED1BB02A7700688F3B /* Local24Tests */ = {
			isa = PBXNativeTarget;
			buildConfigurationList = 1081F3051BB02A7700688F3B /* Build configuration list for PBXNativeTarget "Local24Tests" */;
			buildPhases = (
				59600F6FC3EBA12DBD74B691 /* [CP] Check Pods Manifest.lock */,
				1081F2EA1BB02A7700688F3B /* Sources */,
				1081F2EB1BB02A7700688F3B /* Frameworks */,
				1081F2EC1BB02A7700688F3B /* Resources */,
				8B5F5557251611F6F2E12161 /* [CP] Embed Pods Frameworks */,
				2E2C37798D3F906F4E282A9A /* [CP] Copy Pods Resources */,
			);
			buildRules = (
			);
			dependencies = (
				1081F2F01BB02A7700688F3B /* PBXTargetDependency */,
			);
			name = Local24Tests;
			productName = Local24Tests;
			productReference = 1081F2EE1BB02A7700688F3B /* Local24Tests.xctest */;
			productType = "com.apple.product-type.bundle.unit-test";
		};
		1081F2F81BB02A7700688F3B /* Local24UITests */ = {
			isa = PBXNativeTarget;
			buildConfigurationList = 1081F3081BB02A7700688F3B /* Build configuration list for PBXNativeTarget "Local24UITests" */;
			buildPhases = (
				5132ABA9C885A5E7215EE4A4 /* [CP] Check Pods Manifest.lock */,
				1081F2F51BB02A7700688F3B /* Sources */,
				1081F2F61BB02A7700688F3B /* Frameworks */,
				1081F2F71BB02A7700688F3B /* Resources */,
				0D63996276698BDEDE1AD25F /* [CP] Copy Pods Resources */,
				A7D59AD4BD6DD9EDA5E44C84 /* [CP] Embed Pods Frameworks */,
			);
			buildRules = (
			);
			dependencies = (
				1081F2FB1BB02A7700688F3B /* PBXTargetDependency */,
			);
			name = Local24UITests;
			productName = Local24UITests;
			productReference = 1081F2F91BB02A7700688F3B /* Local24UITests.xctest */;
			productType = "com.apple.product-type.bundle.ui-testing";
		};
/* End PBXNativeTarget section */

/* Begin PBXProject section */
		1081F2D21BB02A7600688F3B /* Project object */ = {
			isa = PBXProject;
			attributes = {
				LastUpgradeCheck = 0820;
				ORGANIZATIONNAME = "Nikolai Kratz";
				TargetAttributes = {
					1081F2D91BB02A7600688F3B = {
						CreatedOnToolsVersion = 7.0;
						DevelopmentTeam = BVW8NCAK5E;
						LastSwiftMigration = 0800;
						ProvisioningStyle = Automatic;
						SystemCapabilities = {
							com.apple.SafariKeychain = {
								enabled = 1;
							};
						};
					};
					1081F2ED1BB02A7700688F3B = {
						CreatedOnToolsVersion = 7.0;
						DevelopmentTeam = 95VPRNUDMD;
						LastSwiftMigration = 0800;
						TestTargetID = 1081F2D91BB02A7600688F3B;
					};
					1081F2F81BB02A7700688F3B = {
						CreatedOnToolsVersion = 7.0;
						DevelopmentTeam = 95VPRNUDMD;
						LastSwiftMigration = 0800;
						TestTargetID = 1081F2D91BB02A7600688F3B;
					};
				};
			};
			buildConfigurationList = 1081F2D51BB02A7600688F3B /* Build configuration list for PBXProject "Local24" */;
			compatibilityVersion = "Xcode 3.2";
			developmentRegion = English;
			hasScannedForEncodings = 0;
			knownRegions = (
				en,
				Base,
			);
			mainGroup = 1081F2D11BB02A7600688F3B;
			productRefGroup = 1081F2DB1BB02A7600688F3B /* Products */;
			projectDirPath = "";
			projectRoot = "";
			targets = (
				1081F2D91BB02A7600688F3B /* Local24 */,
				1081F2ED1BB02A7700688F3B /* Local24Tests */,
				1081F2F81BB02A7700688F3B /* Local24UITests */,
			);
		};
/* End PBXProject section */

/* Begin PBXResourcesBuildPhase section */
		1081F2D81BB02A7600688F3B /* Resources */ = {
			isa = PBXResourcesBuildPhase;
			buildActionMask = 2147483647;
			files = (
				CD10748A1E27B7A400225BCA /* Local24.entitlements in Resources */,
				CDE4D9FD1C0DEA3400FE7611 /* OpenSans-Italic.ttf in Resources */,
				CDE4D9FA1C0DEA3400FE7611 /* OpenSans-BoldItalic.ttf in Resources */,
				CDCF31841E0972AC00379468 /* MapleBacon.txt in Resources */,
				CDB3AFF91D2BF0B800C2F254 /* slider-default7-track.png in Resources */,
				1081F3101BB04E6200688F3B /* iosApp.css in Resources */,
				CDB3AFF51D2BF0B800C2F254 /* slider-default7-trackBackground.png in Resources */,
				CDB3AFFB1D2BF0B800C2F254 /* slider-default7-handle.png in Resources */,
				CDB3AFFC1D2BF0B800C2F254 /* slider-default7-handle@2x.png in Resources */,
				CDA32CB31E096F3A004969E7 /* Bolts.txt in Resources */,
				CDCF31881E09735600379468 /* Facebook-iOS-SDK.txt in Resources */,
				CDCF317F1E09710D00379468 /* Alamofire.txt in Resources */,
				CDE4DA011C0DEA3400FE7611 /* OpenSans-Semibold.ttf in Resources */,
				CDE4D9FB1C0DEA3400FE7611 /* OpenSans-ExtraBold.ttf in Resources */,
				1081F2E81BB02A7600688F3B /* LaunchScreen.storyboard in Resources */,
				CDE4D9FF1C0DEA3400FE7611 /* OpenSans-LightItalic.ttf in Resources */,
				CDCF31861E0972C500379468 /* MZFormSheetPresentationController.txt in Resources */,
				CDFC107C1E2D29100006DA8F /* GoogleService-Info.plist in Resources */,
				CDB3AFF81D2BF0B800C2F254 /* slider-default7-trackCrossedOver@2x.png in Resources */,
				CDA418CE1E0D1B3B00CFDD20 /* Assets.xcassets in Resources */,
				CDFC107A1E2CF7010006DA8F /* specialFields.json in Resources */,
				CDB3AFF61D2BF0B800C2F254 /* slider-default7-trackBackground@2x.png in Resources */,
				CDE4D9F91C0DEA3400FE7611 /* OpenSans-Bold.ttf in Resources */,
				1081F2E31BB02A7600688F3B /* Main.storyboard in Resources */,
				CDE4DA021C0DEA3400FE7611 /* OpenSans-SemiboldItalic.ttf in Resources */,
				CDE4D9FE1C0DEA3400FE7611 /* OpenSans-Light.ttf in Resources */,
				CDE4DA001C0DEA3400FE7611 /* OpenSans-Regular.ttf in Resources */,
				CDB3AFFA1D2BF0B800C2F254 /* slider-default7-track@2x.png in Resources */,
				CDB3AFF71D2BF0B800C2F254 /* slider-default7-trackCrossedOver.png in Resources */,
				CDE4D9FC1C0DEA3400FE7611 /* OpenSans-ExtraBoldItalic.ttf in Resources */,
			);
			runOnlyForDeploymentPostprocessing = 0;
		};
		1081F2EC1BB02A7700688F3B /* Resources */ = {
			isa = PBXResourcesBuildPhase;
			buildActionMask = 2147483647;
			files = (
			);
			runOnlyForDeploymentPostprocessing = 0;
		};
		1081F2F71BB02A7700688F3B /* Resources */ = {
			isa = PBXResourcesBuildPhase;
			buildActionMask = 2147483647;
			files = (
			);
			runOnlyForDeploymentPostprocessing = 0;
		};
/* End PBXResourcesBuildPhase section */

/* Begin PBXShellScriptBuildPhase section */
		0D63996276698BDEDE1AD25F /* [CP] Copy Pods Resources */ = {
			isa = PBXShellScriptBuildPhase;
			buildActionMask = 2147483647;
			files = (
			);
			inputPaths = (
			);
			name = "[CP] Copy Pods Resources";
			outputPaths = (
			);
			runOnlyForDeploymentPostprocessing = 0;
			shellPath = /bin/sh;
			shellScript = "\"${SRCROOT}/Pods/Target Support Files/Pods-Local24UITests/Pods-Local24UITests-resources.sh\"\n";
			showEnvVarsInLog = 0;
		};
		1B733B4FBBCA4E66BA657638 /* [CP] Copy Pods Resources */ = {
			isa = PBXShellScriptBuildPhase;
			buildActionMask = 2147483647;
			files = (
			);
			inputPaths = (
			);
			name = "[CP] Copy Pods Resources";
			outputPaths = (
			);
			runOnlyForDeploymentPostprocessing = 0;
			shellPath = /bin/sh;
			shellScript = "\"${SRCROOT}/Pods/Target Support Files/Pods-Local24/Pods-Local24-resources.sh\"\n";
			showEnvVarsInLog = 0;
		};
		2E2C37798D3F906F4E282A9A /* [CP] Copy Pods Resources */ = {
			isa = PBXShellScriptBuildPhase;
			buildActionMask = 2147483647;
			files = (
			);
			inputPaths = (
			);
			name = "[CP] Copy Pods Resources";
			outputPaths = (
			);
			runOnlyForDeploymentPostprocessing = 0;
			shellPath = /bin/sh;
			shellScript = "\"${SRCROOT}/Pods/Target Support Files/Pods-Local24Tests/Pods-Local24Tests-resources.sh\"\n";
			showEnvVarsInLog = 0;
		};
		41AC355983C98F562DEA9831 /* [CP] Check Pods Manifest.lock */ = {
			isa = PBXShellScriptBuildPhase;
			buildActionMask = 2147483647;
			files = (
			);
			inputPaths = (
			);
			name = "[CP] Check Pods Manifest.lock";
			outputPaths = (
			);
			runOnlyForDeploymentPostprocessing = 0;
			shellPath = /bin/sh;
			shellScript = "diff \"${PODS_ROOT}/../Podfile.lock\" \"${PODS_ROOT}/Manifest.lock\" > /dev/null\nif [ $? != 0 ] ; then\n    # print error to STDERR\n    echo \"error: The sandbox is not in sync with the Podfile.lock. Run 'pod install' or update your CocoaPods installation.\" >&2\n    exit 1\nfi\n";
			showEnvVarsInLog = 0;
		};
		5132ABA9C885A5E7215EE4A4 /* [CP] Check Pods Manifest.lock */ = {
			isa = PBXShellScriptBuildPhase;
			buildActionMask = 2147483647;
			files = (
			);
			inputPaths = (
			);
			name = "[CP] Check Pods Manifest.lock";
			outputPaths = (
			);
			runOnlyForDeploymentPostprocessing = 0;
			shellPath = /bin/sh;
			shellScript = "diff \"${PODS_ROOT}/../Podfile.lock\" \"${PODS_ROOT}/Manifest.lock\" > /dev/null\nif [ $? != 0 ] ; then\n    # print error to STDERR\n    echo \"error: The sandbox is not in sync with the Podfile.lock. Run 'pod install' or update your CocoaPods installation.\" >&2\n    exit 1\nfi\n";
			showEnvVarsInLog = 0;
		};
		59600F6FC3EBA12DBD74B691 /* [CP] Check Pods Manifest.lock */ = {
			isa = PBXShellScriptBuildPhase;
			buildActionMask = 2147483647;
			files = (
			);
			inputPaths = (
			);
			name = "[CP] Check Pods Manifest.lock";
			outputPaths = (
			);
			runOnlyForDeploymentPostprocessing = 0;
			shellPath = /bin/sh;
			shellScript = "diff \"${PODS_ROOT}/../Podfile.lock\" \"${PODS_ROOT}/Manifest.lock\" > /dev/null\nif [ $? != 0 ] ; then\n    # print error to STDERR\n    echo \"error: The sandbox is not in sync with the Podfile.lock. Run 'pod install' or update your CocoaPods installation.\" >&2\n    exit 1\nfi\n";
			showEnvVarsInLog = 0;
		};
		8B5F5557251611F6F2E12161 /* [CP] Embed Pods Frameworks */ = {
			isa = PBXShellScriptBuildPhase;
			buildActionMask = 2147483647;
			files = (
			);
			inputPaths = (
			);
			name = "[CP] Embed Pods Frameworks";
			outputPaths = (
			);
			runOnlyForDeploymentPostprocessing = 0;
			shellPath = /bin/sh;
			shellScript = "\"${SRCROOT}/Pods/Target Support Files/Pods-Local24Tests/Pods-Local24Tests-frameworks.sh\"\n";
			showEnvVarsInLog = 0;
		};
		A7D59AD4BD6DD9EDA5E44C84 /* [CP] Embed Pods Frameworks */ = {
			isa = PBXShellScriptBuildPhase;
			buildActionMask = 2147483647;
			files = (
			);
			inputPaths = (
			);
			name = "[CP] Embed Pods Frameworks";
			outputPaths = (
			);
			runOnlyForDeploymentPostprocessing = 0;
			shellPath = /bin/sh;
			shellScript = "\"${SRCROOT}/Pods/Target Support Files/Pods-Local24UITests/Pods-Local24UITests-frameworks.sh\"\n";
			showEnvVarsInLog = 0;
		};
		B4D99F28CDE065FA4C9D9506 /* [CP] Embed Pods Frameworks */ = {
			isa = PBXShellScriptBuildPhase;
			buildActionMask = 2147483647;
			files = (
			);
			inputPaths = (
			);
			name = "[CP] Embed Pods Frameworks";
			outputPaths = (
			);
			runOnlyForDeploymentPostprocessing = 0;
			shellPath = /bin/sh;
			shellScript = "\"${SRCROOT}/Pods/Target Support Files/Pods-Local24/Pods-Local24-frameworks.sh\"\n";
			showEnvVarsInLog = 0;
		};
/* End PBXShellScriptBuildPhase section */

/* Begin PBXSourcesBuildPhase section */
		1081F2D61BB02A7600688F3B /* Sources */ = {
			isa = PBXSourcesBuildPhase;
			buildActionMask = 2147483647;
			files = (
				CD0E3F7E1CE09C6C005AA575 /* SearchCollectionViewController.swift in Sources */,
				CD65D2551C60FD6400AD89DF /* ZipGeo.swift in Sources */,
				CDD729011E12BA5A009F0B99 /* InsertImageCollection.swift in Sources */,
				CD0E3F801CE0A06C005AA575 /* CollectionViewCell.swift in Sources */,
				CDCA848D1DE30CA800F71A42 /* AccountHeaderView.swift in Sources */,
				CD1D88821DF072A100DF2688 /* AddImageCollectionViewCell.swift in Sources */,
				CDA9CCDA1C073236005ED562 /* MoreViewController.swift in Sources */,
				CDD729051E130051009F0B99 /* InsertTextFieldPicker.swift in Sources */,
				CD9CD4311CE229EC0080CF67 /* FacebookAd.swift in Sources */,
				CD0E3F821CE0BFA9005AA575 /* Listing.swift in Sources */,
				CDA9CCD81C0715B3005ED562 /* MoreTableViewController.swift in Sources */,
				CD5D16E51C8F11B200ACE365 /* ContactTableViewController.swift in Sources */,
				CD7754211C71C0E200253B7B /* CenterLocationButton.swift in Sources */,
				CD84C5921C88844400A6E8A4 /* LocalDetailTableViewController.swift in Sources */,
				CDD729031E12FE68009F0B99 /* InsertTableViewDataSource.swift in Sources */,
				CDFD0BAB1CF5AE0E00B56BF6 /* Filter.swift in Sources */,
				CDD729071E13037C009F0B99 /* InsertCustomFieldCell.swift in Sources */,
				CD9CD4331CE4A1900080CF67 /* SelectedFilterButton.swift in Sources */,
				CDFD59EF1DFEF4920098010B /* ChooseLocationViewController.swift in Sources */,
				CDB594E51DE5E6230056B405 /* TabBarController.swift in Sources */,
				CDA9CCCC1C070793005ED562 /* PublicSettings.swift in Sources */,
				CDB04AD01DD3259100034C1F /* AccountCollectionViewController.swift in Sources */,
				CD358E801E0C105C00C63020 /* CustomFieldTableViewController.swift in Sources */,
				CDCA848F1DE324AA00F71A42 /* User.swift in Sources */,
				CD286E461CCE383B004675A9 /* FilterSelectTableViewController.swift in Sources */,
				CDB594E31DE5A3080056B405 /* SelectSubCategoryTableViewController.swift in Sources */,
				CD56FD531E0966CB001164F0 /* ThanksTableViewController.swift in Sources */,
				CD5109821C58A3B200BA2CB8 /* HomeViewController.swift in Sources */,
				CDB594DE1DE595130056B405 /* InsertTableViewController.swift in Sources */,
				CD993E0D1DF9BD4300F686C7 /* NetworkController.swift in Sources */,
				CD65D24F1C60DC3000AD89DF /* LocationViewController.swift in Sources */,
				CDB04AD41DD36A3500034C1F /* MyAdsCollectionViewCell.swift in Sources */,
				CD5D16F01C9054F200ACE365 /* LocationMapTableViewCell.swift in Sources */,
				CD5D16E91C90377D00ACE365 /* PriceTableViewCell.swift in Sources */,
				CDD7290C1E13CD06009F0B99 /* CustomField2TableViewController.swift in Sources */,
				CD5D16EE1C903F7F00ACE365 /* DescriptionTableViewCell.swift in Sources */,
				CDE31CA01C74B93F001D9FD2 /* DetailViewController.swift in Sources */,
				CDEE24AB1CC78B8100F08D4E /* AbuseReportViewController.swift in Sources */,
				CD5D16EC1C903AF900ACE365 /* TitleTableViewCell.swift in Sources */,
				CD5109861C58C0CF00BA2CB8 /* Categories.swift in Sources */,
				CD62AF631DE3412700AD06EF /* LoginViewController.swift in Sources */,
				1081F2DE1BB02A7600688F3B /* AppDelegate.swift in Sources */,
				CD5D16F41C917A6300ACE365 /* FilterViewController.swift in Sources */,
				CD65D2511C60E5EF00AD89DF /* LocationResultsTableController.swift in Sources */,
				CD56FD511E09664C001164F0 /* ThanksViewController.swift in Sources */,
				CD9CD42F1CE21A930080CF67 /* SearchCollectionViewAdCell.swift in Sources */,
				CDB594E11DE596850056B405 /* SelectCategoryTableViewController.swift in Sources */,
				CDA9CCCE1C070D2B005ED562 /* SearchViewController.swift in Sources */,
				CD6A262B1E08047A00CD22EB /* RegisterViewController.swift in Sources */,
				CD3E16051DF07C7700D0C300 /* InsertImageCollectionViewCell.swift in Sources */,
				CD0A28A21C6CF76300B27AFD /* RadiusView.swift in Sources */,
				CD5109841C58BD4700BA2CB8 /* NewCatTableViewController.swift in Sources */,
				CDDEF3E61E01393300CF737E /* ChooseLocationTableViewCell.swift in Sources */,
				CD993E091DF9AFAF00F686C7 /* MyAdsDetailViewController.swift in Sources */,
				CD286E481CCE455C004675A9 /* FilterMoreSelectTableViewController.swift in Sources */,
				CDB3AFEA1D2BF00A00C2F254 /* NMRangeSlider.m in Sources */,
				CD5D16F21C90673600ACE365 /* DetailImageViewController.swift in Sources */,
			);
			runOnlyForDeploymentPostprocessing = 0;
		};
		1081F2EA1BB02A7700688F3B /* Sources */ = {
			isa = PBXSourcesBuildPhase;
			buildActionMask = 2147483647;
			files = (
				1081F2F31BB02A7700688F3B /* Local24Tests.swift in Sources */,
			);
			runOnlyForDeploymentPostprocessing = 0;
		};
		1081F2F51BB02A7700688F3B /* Sources */ = {
			isa = PBXSourcesBuildPhase;
			buildActionMask = 2147483647;
			files = (
				1081F2FE1BB02A7700688F3B /* Local24UITests.swift in Sources */,
			);
			runOnlyForDeploymentPostprocessing = 0;
		};
/* End PBXSourcesBuildPhase section */

/* Begin PBXTargetDependency section */
		1081F2F01BB02A7700688F3B /* PBXTargetDependency */ = {
			isa = PBXTargetDependency;
			target = 1081F2D91BB02A7600688F3B /* Local24 */;
			targetProxy = 1081F2EF1BB02A7700688F3B /* PBXContainerItemProxy */;
		};
		1081F2FB1BB02A7700688F3B /* PBXTargetDependency */ = {
			isa = PBXTargetDependency;
			target = 1081F2D91BB02A7600688F3B /* Local24 */;
			targetProxy = 1081F2FA1BB02A7700688F3B /* PBXContainerItemProxy */;
		};
/* End PBXTargetDependency section */

/* Begin PBXVariantGroup section */
		1081F2E11BB02A7600688F3B /* Main.storyboard */ = {
			isa = PBXVariantGroup;
			children = (
				1081F2E21BB02A7600688F3B /* Base */,
				CDA9CCD51C071456005ED562 /* de */,
			);
			name = Main.storyboard;
			sourceTree = "<group>";
		};
		1081F2E61BB02A7600688F3B /* LaunchScreen.storyboard */ = {
			isa = PBXVariantGroup;
			children = (
				1081F2E71BB02A7600688F3B /* Base */,
				CDA9CCD61C071456005ED562 /* de */,
			);
			name = LaunchScreen.storyboard;
			sourceTree = "<group>";
		};
/* End PBXVariantGroup section */

/* Begin XCBuildConfiguration section */
		1081F3001BB02A7700688F3B /* Debug */ = {
			isa = XCBuildConfiguration;
			buildSettings = {
				ALWAYS_EMBED_SWIFT_STANDARD_LIBRARIES = NO;
				ALWAYS_SEARCH_USER_PATHS = NO;
				CLANG_ANALYZER_LOCALIZABILITY_NONLOCALIZED = YES;
				CLANG_CXX_LANGUAGE_STANDARD = "gnu++0x";
				CLANG_CXX_LIBRARY = "libc++";
				CLANG_ENABLE_MODULES = YES;
				CLANG_ENABLE_OBJC_ARC = YES;
				CLANG_WARN_BOOL_CONVERSION = YES;
				CLANG_WARN_CONSTANT_CONVERSION = YES;
				CLANG_WARN_DIRECT_OBJC_ISA_USAGE = YES_ERROR;
				CLANG_WARN_EMPTY_BODY = YES;
				CLANG_WARN_ENUM_CONVERSION = YES;
				CLANG_WARN_INFINITE_RECURSION = YES;
				CLANG_WARN_INT_CONVERSION = YES;
				CLANG_WARN_OBJC_ROOT_CLASS = YES_ERROR;
				CLANG_WARN_SUSPICIOUS_MOVE = YES;
				CLANG_WARN_UNREACHABLE_CODE = YES;
				CLANG_WARN__DUPLICATE_METHOD_MATCH = YES;
				"CODE_SIGN_IDENTITY[sdk=iphoneos*]" = "iPhone Developer";
				COPY_PHASE_STRIP = NO;
				DEBUG_INFORMATION_FORMAT = dwarf;
				ENABLE_STRICT_OBJC_MSGSEND = YES;
				ENABLE_TESTABILITY = YES;
				GCC_C_LANGUAGE_STANDARD = gnu99;
				GCC_DYNAMIC_NO_PIC = NO;
				GCC_NO_COMMON_BLOCKS = YES;
				GCC_OPTIMIZATION_LEVEL = 0;
				GCC_PREPROCESSOR_DEFINITIONS = (
					"DEBUG=1",
					"$(inherited)",
				);
				GCC_WARN_64_TO_32_BIT_CONVERSION = YES;
				GCC_WARN_ABOUT_RETURN_TYPE = YES_ERROR;
				GCC_WARN_UNDECLARED_SELECTOR = YES;
				GCC_WARN_UNINITIALIZED_AUTOS = YES_AGGRESSIVE;
				GCC_WARN_UNUSED_FUNCTION = YES;
				GCC_WARN_UNUSED_VARIABLE = YES;
				IPHONEOS_DEPLOYMENT_TARGET = 9.0;
				MTL_ENABLE_DEBUG_INFO = YES;
				ONLY_ACTIVE_ARCH = YES;
				SDKROOT = iphoneos;
				SWIFT_OPTIMIZATION_LEVEL = "-Onone";
				TARGETED_DEVICE_FAMILY = "1,2";
			};
			name = Debug;
		};
		1081F3011BB02A7700688F3B /* Release */ = {
			isa = XCBuildConfiguration;
			buildSettings = {
				ALWAYS_EMBED_SWIFT_STANDARD_LIBRARIES = NO;
				ALWAYS_SEARCH_USER_PATHS = NO;
				CLANG_ANALYZER_LOCALIZABILITY_NONLOCALIZED = YES;
				CLANG_CXX_LANGUAGE_STANDARD = "gnu++0x";
				CLANG_CXX_LIBRARY = "libc++";
				CLANG_ENABLE_MODULES = YES;
				CLANG_ENABLE_OBJC_ARC = YES;
				CLANG_WARN_BOOL_CONVERSION = YES;
				CLANG_WARN_CONSTANT_CONVERSION = YES;
				CLANG_WARN_DIRECT_OBJC_ISA_USAGE = YES_ERROR;
				CLANG_WARN_EMPTY_BODY = YES;
				CLANG_WARN_ENUM_CONVERSION = YES;
				CLANG_WARN_INFINITE_RECURSION = YES;
				CLANG_WARN_INT_CONVERSION = YES;
				CLANG_WARN_OBJC_ROOT_CLASS = YES_ERROR;
				CLANG_WARN_SUSPICIOUS_MOVE = YES;
				CLANG_WARN_UNREACHABLE_CODE = YES;
				CLANG_WARN__DUPLICATE_METHOD_MATCH = YES;
				"CODE_SIGN_IDENTITY[sdk=iphoneos*]" = "iPhone Developer";
				COPY_PHASE_STRIP = NO;
				DEBUG_INFORMATION_FORMAT = "dwarf-with-dsym";
				ENABLE_NS_ASSERTIONS = NO;
				ENABLE_STRICT_OBJC_MSGSEND = YES;
				GCC_C_LANGUAGE_STANDARD = gnu99;
				GCC_NO_COMMON_BLOCKS = YES;
				GCC_WARN_64_TO_32_BIT_CONVERSION = YES;
				GCC_WARN_ABOUT_RETURN_TYPE = YES_ERROR;
				GCC_WARN_UNDECLARED_SELECTOR = YES;
				GCC_WARN_UNINITIALIZED_AUTOS = YES_AGGRESSIVE;
				GCC_WARN_UNUSED_FUNCTION = YES;
				GCC_WARN_UNUSED_VARIABLE = YES;
				IPHONEOS_DEPLOYMENT_TARGET = 9.0;
				MTL_ENABLE_DEBUG_INFO = NO;
				SDKROOT = iphoneos;
				SWIFT_OPTIMIZATION_LEVEL = "-Owholemodule";
				TARGETED_DEVICE_FAMILY = "1,2";
				VALIDATE_PRODUCT = YES;
			};
			name = Release;
		};
		1081F3031BB02A7700688F3B /* Debug */ = {
			isa = XCBuildConfiguration;
			baseConfigurationReference = 4CDEA113629D68866C9D275C /* Pods-Local24.debug.xcconfig */;
			buildSettings = {
				ALWAYS_EMBED_SWIFT_STANDARD_LIBRARIES = YES;
				ASSETCATALOG_COMPILER_APPICON_NAME = AppIcon;
				CODE_SIGN_ENTITLEMENTS = Local24/Local24.entitlements;
				CODE_SIGN_IDENTITY = "iPhone Developer";
				"CODE_SIGN_IDENTITY[sdk=iphoneos*]" = "iPhone Developer";
				DEVELOPMENT_TEAM = BVW8NCAK5E;
				FRAMEWORK_SEARCH_PATHS = (
					"$(inherited)",
					"$(PROJECT_DIR)",
				);
				INFOPLIST_FILE = Local24/Info.plist;
				LD_RUNPATH_SEARCH_PATHS = "$(inherited) @executable_path/Frameworks";
				PRODUCT_BUNDLE_IDENTIFIER = com.scout24.local24;
				PRODUCT_NAME = "$(TARGET_NAME)";
				PROVISIONING_PROFILE = "";
				SWIFT_OBJC_BRIDGING_HEADER = "Local24/Local24-Bridging-Header.h";
				SWIFT_VERSION = 3.0;
				TARGETED_DEVICE_FAMILY = 1;
			};
			name = Debug;
		};
		1081F3041BB02A7700688F3B /* Release */ = {
			isa = XCBuildConfiguration;
			baseConfigurationReference = 05704309B0C663E0ECE2D2B2 /* Pods-Local24.release.xcconfig */;
			buildSettings = {
				ALWAYS_EMBED_SWIFT_STANDARD_LIBRARIES = YES;
				ASSETCATALOG_COMPILER_APPICON_NAME = AppIcon;
				CODE_SIGN_ENTITLEMENTS = Local24/Local24.entitlements;
				CODE_SIGN_IDENTITY = "iPhone Developer";
				"CODE_SIGN_IDENTITY[sdk=iphoneos*]" = "iPhone Developer";
				DEVELOPMENT_TEAM = BVW8NCAK5E;
				FRAMEWORK_SEARCH_PATHS = (
					"$(inherited)",
					"$(PROJECT_DIR)",
				);
				INFOPLIST_FILE = Local24/Info.plist;
				LD_RUNPATH_SEARCH_PATHS = "$(inherited) @executable_path/Frameworks";
				PRODUCT_BUNDLE_IDENTIFIER = com.scout24.local24;
				PRODUCT_NAME = "$(TARGET_NAME)";
				PROVISIONING_PROFILE = "";
				SWIFT_OBJC_BRIDGING_HEADER = "Local24/Local24-Bridging-Header.h";
				SWIFT_VERSION = 3.0;
				TARGETED_DEVICE_FAMILY = 1;
			};
			name = Release;
		};
		1081F3061BB02A7700688F3B /* Debug */ = {
			isa = XCBuildConfiguration;
			baseConfigurationReference = 6EA1B7368DC3BE4B3C6EA32E /* Pods-Local24Tests.debug.xcconfig */;
			buildSettings = {
				BUNDLE_LOADER = "$(TEST_HOST)";
				INFOPLIST_FILE = Local24Tests/Info.plist;
				LD_RUNPATH_SEARCH_PATHS = "$(inherited) @executable_path/Frameworks @loader_path/Frameworks";
				PRODUCT_BUNDLE_IDENTIFIER = com.local24.Local24Tests;
				PRODUCT_NAME = "$(TARGET_NAME)";
				SWIFT_VERSION = 3.0;
				TEST_HOST = "$(BUILT_PRODUCTS_DIR)/Local24.app/Local24";
			};
			name = Debug;
		};
		1081F3071BB02A7700688F3B /* Release */ = {
			isa = XCBuildConfiguration;
			baseConfigurationReference = BF19EF7F4AEA34E8E7663AF8 /* Pods-Local24Tests.release.xcconfig */;
			buildSettings = {
				BUNDLE_LOADER = "$(TEST_HOST)";
				INFOPLIST_FILE = Local24Tests/Info.plist;
				LD_RUNPATH_SEARCH_PATHS = "$(inherited) @executable_path/Frameworks @loader_path/Frameworks";
				PRODUCT_BUNDLE_IDENTIFIER = com.local24.Local24Tests;
				PRODUCT_NAME = "$(TARGET_NAME)";
				SWIFT_VERSION = 3.0;
				TEST_HOST = "$(BUILT_PRODUCTS_DIR)/Local24.app/Local24";
			};
			name = Release;
		};
		1081F3091BB02A7700688F3B /* Debug */ = {
			isa = XCBuildConfiguration;
			baseConfigurationReference = 68F4136B01EBF525F5520DF1 /* Pods-Local24UITests.debug.xcconfig */;
			buildSettings = {
				INFOPLIST_FILE = Local24UITests/Info.plist;
				LD_RUNPATH_SEARCH_PATHS = "$(inherited) @executable_path/Frameworks @loader_path/Frameworks";
				PRODUCT_BUNDLE_IDENTIFIER = com.local24.Local24UITests;
				PRODUCT_NAME = "$(TARGET_NAME)";
				SWIFT_VERSION = 3.0;
				TEST_TARGET_NAME = Local24;
				USES_XCTRUNNER = YES;
			};
			name = Debug;
		};
		1081F30A1BB02A7700688F3B /* Release */ = {
			isa = XCBuildConfiguration;
			baseConfigurationReference = 3F30DDA7EF437ED36AD0AEDE /* Pods-Local24UITests.release.xcconfig */;
			buildSettings = {
				INFOPLIST_FILE = Local24UITests/Info.plist;
				LD_RUNPATH_SEARCH_PATHS = "$(inherited) @executable_path/Frameworks @loader_path/Frameworks";
				PRODUCT_BUNDLE_IDENTIFIER = com.local24.Local24UITests;
				PRODUCT_NAME = "$(TARGET_NAME)";
				SWIFT_VERSION = 3.0;
				TEST_TARGET_NAME = Local24;
				USES_XCTRUNNER = YES;
			};
			name = Release;
		};
/* End XCBuildConfiguration section */

/* Begin XCConfigurationList section */
		1081F2D51BB02A7600688F3B /* Build configuration list for PBXProject "Local24" */ = {
			isa = XCConfigurationList;
			buildConfigurations = (
				1081F3001BB02A7700688F3B /* Debug */,
				1081F3011BB02A7700688F3B /* Release */,
			);
			defaultConfigurationIsVisible = 0;
			defaultConfigurationName = Release;
		};
		1081F3021BB02A7700688F3B /* Build configuration list for PBXNativeTarget "Local24" */ = {
			isa = XCConfigurationList;
			buildConfigurations = (
				1081F3031BB02A7700688F3B /* Debug */,
				1081F3041BB02A7700688F3B /* Release */,
			);
			defaultConfigurationIsVisible = 0;
			defaultConfigurationName = Release;
		};
		1081F3051BB02A7700688F3B /* Build configuration list for PBXNativeTarget "Local24Tests" */ = {
			isa = XCConfigurationList;
			buildConfigurations = (
				1081F3061BB02A7700688F3B /* Debug */,
				1081F3071BB02A7700688F3B /* Release */,
			);
			defaultConfigurationIsVisible = 0;
			defaultConfigurationName = Release;
		};
		1081F3081BB02A7700688F3B /* Build configuration list for PBXNativeTarget "Local24UITests" */ = {
			isa = XCConfigurationList;
			buildConfigurations = (
				1081F3091BB02A7700688F3B /* Debug */,
				1081F30A1BB02A7700688F3B /* Release */,
			);
			defaultConfigurationIsVisible = 0;
			defaultConfigurationName = Release;
		};
/* End XCConfigurationList section */
	};
	rootObject = 1081F2D21BB02A7600688F3B /* Project object */;
}
